
Microsoft Visual Studio Solution File, Format Version 12.00
# Visual Studio Version 16
VisualStudioVersion = 16.0.29521.150
MinimumVisualStudioVersion = 10.0.40219.1
Project("{F184B08F-C81C-45F6-A57F-5ABD9991F28F}") = "sudoku", "sudoku\sudoku.vbproj", "{7D97E2F2-205B-4FF3-9467-28B5E28BBA6A}"
EndProject
Global
	GlobalSection(SolutionConfigurationPlatforms) = preSolution
		Debug|Any CPU = Debug|Any CPU
		Release|Any CPU = Release|Any CPU
	EndGlobalSection
	GlobalSection(ProjectConfigurationPlatforms) = postSolution
		{7D97E2F2-205B-4FF3-9467-28B5E28BBA6A}.Debug|Any CPU.ActiveCfg = Debug|Any CPU
		{7D97E2F2-205B-4FF3-9467-28B5E28BBA6A}.Debug|Any CPU.Build.0 = Debug|Any CPU
		{7D97E2F2-205B-4FF3-9467-28B5E28BBA6A}.Release|Any CPU.ActiveCfg = Release|Any CPU
		{7D97E2F2-205B-4FF3-9467-28B5E28BBA6A}.Release|Any CPU.Build.0 = Release|Any CPU
	EndGlobalSection
	GlobalSection(SolutionProperties) = preSolution
		HideSolutionNode = FALSE
	EndGlobalSection
	GlobalSection(ExtensibilityGlobals) = postSolution
		SolutionGuid = {0284FDA0-B536-4092-B412-4D2DA2500A50}
	EndGlobalSection
EndGlobal
