
Microsoft Visual Studio Solution File, Format Version 11.00
# Visual Studio 2010
Project("{FAE04EC0-301F-11D3-BF4B-00C04F79EFBC}") = "ChunkingChannel", "ChunkingChannel\ChunkingChannel.csproj", "{C93E515C-ADC0-4C38-8F54-87E756211355}"
EndProject
Project("{FAE04EC0-301F-11D3-BF4B-00C04F79EFBC}") = "Client", "Client\Client.csproj", "{9D01B696-9ABB-4ECB-8017-1CDAF57053BA}"
EndProject
Project("{FAE04EC0-301F-11D3-BF4B-00C04F79EFBC}") = "Service", "Service\Service.csproj", "{0980BC1D-6D13-4405-901C-73AFFA517B8E}"
EndProject
Project("{FAE04EC0-301F-11D3-BF4B-00C04F79EFBC}") = "ChannelHelpers", "ChannelHelpers\ChannelHelpers.csproj", "{33A7ACF0-7A02-47C4-9CF8-32F4A5D5A24C}"
EndProject
Global
	GlobalSection(SolutionConfigurationPlatforms) = preSolution
		Debug|Any CPU = Debug|Any CPU
		Release|Any CPU = Release|Any CPU
	EndGlobalSection
	GlobalSection(ProjectConfigurationPlatforms) = postSolution
		{C93E515C-ADC0-4C38-8F54-87E756211355}.Debug|Any CPU.ActiveCfg = Debug|Any CPU
		{C93E515C-ADC0-4C38-8F54-87E756211355}.Debug|Any CPU.Build.0 = Debug|Any CPU
		{C93E515C-ADC0-4C38-8F54-87E756211355}.Release|Any CPU.ActiveCfg = Release|Any CPU
		{C93E515C-ADC0-4C38-8F54-87E756211355}.Release|Any CPU.Build.0 = Release|Any CPU
		{9D01B696-9ABB-4ECB-8017-1CDAF57053BA}.Debug|Any CPU.ActiveCfg = Debug|Any CPU
		{9D01B696-9ABB-4ECB-8017-1CDAF57053BA}.Debug|Any CPU.Build.0 = Debug|Any CPU
		{9D01B696-9ABB-4ECB-8017-1CDAF57053BA}.Release|Any CPU.ActiveCfg = Release|Any CPU
		{9D01B696-9ABB-4ECB-8017-1CDAF57053BA}.Release|Any CPU.Build.0 = Release|Any CPU
		{0980BC1D-6D13-4405-901C-73AFFA517B8E}.Debug|Any CPU.ActiveCfg = Debug|Any CPU
		{0980BC1D-6D13-4405-901C-73AFFA517B8E}.Debug|Any CPU.Build.0 = Debug|Any CPU
		{0980BC1D-6D13-4405-901C-73AFFA517B8E}.Release|Any CPU.ActiveCfg = Release|Any CPU
		{0980BC1D-6D13-4405-901C-73AFFA517B8E}.Release|Any CPU.Build.0 = Release|Any CPU
		{33A7ACF0-7A02-47C4-9CF8-32F4A5D5A24C}.Debug|Any CPU.ActiveCfg = Debug|Any CPU
		{33A7ACF0-7A02-47C4-9CF8-32F4A5D5A24C}.Debug|Any CPU.Build.0 = Debug|Any CPU
		{33A7ACF0-7A02-47C4-9CF8-32F4A5D5A24C}.Release|Any CPU.ActiveCfg = Release|Any CPU
		{33A7ACF0-7A02-47C4-9CF8-32F4A5D5A24C}.Release|Any CPU.Build.0 = Release|Any CPU
	EndGlobalSection
	GlobalSection(SolutionProperties) = preSolution
		HideSolutionNode = FALSE
	EndGlobalSection
EndGlobal
