
Microsoft Visual Studio Solution File, Format Version 11.00
# Visual Studio 2010
Project("{F184B08F-C81C-45F6-A57F-5ABD9991F28F}") = "UdpTestClient", "UdpTestClient\UdpTestClient.vbproj", "{99F3F714-0C25-4752-B413-0A0E11D16F12}"
EndProject
Project("{F184B08F-C81C-45F6-A57F-5ABD9991F28F}") = "UdpTestService", "UdpTestService\UdpTestService.vbproj", "{5920E202-A11F-47C6-8A27-B00BFAE213A0}"
EndProject
Project("{F184B08F-C81C-45F6-A57F-5ABD9991F28F}") = "UdpTransport", "UdpTransport\UdpTransport.vbproj", "{37086881-1FD9-4DE1-8DB5-0AC8456C65A9}"
EndProject
Project("{F184B08F-C81C-45F6-A57F-5ABD9991F28F}") = "MessageInspectors", "MessageInspectors\MessageInspectors.vbproj", "{9A868F85-F6AA-456C-8E78-F695037CAF6E}"
EndProject
Global
	GlobalSection(SolutionConfigurationPlatforms) = preSolution
		Debug|Any CPU = Debug|Any CPU
		Release|Any CPU = Release|Any CPU
	EndGlobalSection
	GlobalSection(ProjectConfigurationPlatforms) = postSolution
		{99F3F714-0C25-4752-B413-0A0E11D16F12}.Debug|Any CPU.ActiveCfg = Debug|Any CPU
		{99F3F714-0C25-4752-B413-0A0E11D16F12}.Debug|Any CPU.Build.0 = Debug|Any CPU
		{99F3F714-0C25-4752-B413-0A0E11D16F12}.Release|Any CPU.ActiveCfg = Release|Any CPU
		{99F3F714-0C25-4752-B413-0A0E11D16F12}.Release|Any CPU.Build.0 = Release|Any CPU
		{5920E202-A11F-47C6-8A27-B00BFAE213A0}.Debug|Any CPU.ActiveCfg = Debug|Any CPU
		{5920E202-A11F-47C6-8A27-B00BFAE213A0}.Debug|Any CPU.Build.0 = Debug|Any CPU
		{5920E202-A11F-47C6-8A27-B00BFAE213A0}.Release|Any CPU.ActiveCfg = Release|Any CPU
		{5920E202-A11F-47C6-8A27-B00BFAE213A0}.Release|Any CPU.Build.0 = Release|Any CPU
		{37086881-1FD9-4DE1-8DB5-0AC8456C65A9}.Debug|Any CPU.ActiveCfg = Debug|Any CPU
		{37086881-1FD9-4DE1-8DB5-0AC8456C65A9}.Debug|Any CPU.Build.0 = Debug|Any CPU
		{37086881-1FD9-4DE1-8DB5-0AC8456C65A9}.Release|Any CPU.ActiveCfg = Release|Any CPU
		{37086881-1FD9-4DE1-8DB5-0AC8456C65A9}.Release|Any CPU.Build.0 = Release|Any CPU
		{9A868F85-F6AA-456C-8E78-F695037CAF6E}.Debug|Any CPU.ActiveCfg = Debug|Any CPU
		{9A868F85-F6AA-456C-8E78-F695037CAF6E}.Debug|Any CPU.Build.0 = Debug|Any CPU
		{9A868F85-F6AA-456C-8E78-F695037CAF6E}.Release|Any CPU.ActiveCfg = Release|Any CPU
		{9A868F85-F6AA-456C-8E78-F695037CAF6E}.Release|Any CPU.Build.0 = Release|Any CPU
	EndGlobalSection
	GlobalSection(SolutionProperties) = preSolution
		HideSolutionNode = FALSE
	EndGlobalSection
EndGlobal
