
Microsoft Visual Studio Solution File, Format Version 11.00
# Visual Studio 2010
Project("{FAE04EC0-301F-11D3-BF4B-00C04F79EFBC}") = "WinFormGraphics", "WinFormGraphics\WinFormGraphics.csproj", "{841B2F5C-71B0-4937-A2FA-FDDE64119056}"
EndProject
Global
	
	GlobalSection(SolutionConfigurationPlatforms) = preSolution
		Debug|Any CPU = Debug|Any CPU
		Release|Any CPU = Release|Any CPU
	EndGlobalSection
	GlobalSection(ProjectConfigurationPlatforms) = postSolution
		{841B2F5C-71B0-4937-A2FA-FDDE64119056}.Debug|Any CPU.ActiveCfg = Debug|Any CPU
		{841B2F5C-71B0-4937-A2FA-FDDE64119056}.Debug|Any CPU.Build.0 = Debug|Any CPU
		{841B2F5C-71B0-4937-A2FA-FDDE64119056}.Release|Any CPU.ActiveCfg = Release|Any CPU
		{841B2F5C-71B0-4937-A2FA-FDDE64119056}.Release|Any CPU.Build.0 = Release|Any CPU
	EndGlobalSection
	GlobalSection(SolutionProperties) = preSolution
		HideSolutionNode = FALSE
	EndGlobalSection
EndGlobal
