
Microsoft Visual Studio Solution File, Format Version 12.00
# Visual Studio Version 16
VisualStudioVersion = 16.0.29403.142
MinimumVisualStudioVersion = 10.0.40219.1
Project("{FAE04EC0-301F-11D3-BF4B-00C04F79EFBC}") = "SystemTextJsonSamples", "SystemTextJsonSamples.csproj", "{8E2B421F-D3B8-4A6D-930F-4631723DCF10}"
EndProject
Global
	GlobalSection(SolutionConfigurationPlatforms) = preSolution
		Debug|Any CPU = Debug|Any CPU
		Release|Any CPU = Release|Any CPU
	EndGlobalSection
	GlobalSection(ProjectConfigurationPlatforms) = postSolution
		{8E2B421F-D3B8-4A6D-930F-4631723DCF10}.Debug|Any CPU.ActiveCfg = Debug|Any CPU
		{8E2B421F-D3B8-4A6D-930F-4631723DCF10}.Debug|Any CPU.Build.0 = Debug|Any CPU
		{8E2B421F-D3B8-4A6D-930F-4631723DCF10}.Release|Any CPU.ActiveCfg = Release|Any CPU
		{8E2B421F-D3B8-4A6D-930F-4631723DCF10}.Release|Any CPU.Build.0 = Release|Any CPU
	EndGlobalSection
	GlobalSection(SolutionProperties) = preSolution
		HideSolutionNode = FALSE
	EndGlobalSection
	GlobalSection(ExtensibilityGlobals) = postSolution
		SolutionGuid = {B119B874-56B0-452F-B185-3CE6BDAF3664}
	EndGlobalSection
EndGlobal
