
Microsoft Visual Studio Solution File, Format Version 12.00
# Visual Studio Version 17
VisualStudioVersion = 17.9.34701.34
MinimumVisualStudioVersion = 10.0.40219.1
Project("{9A19103F-16F7-4668-BE54-9A1E7A4F7556}") = "BlazorServer", "BlazorServer.csproj", "{EB758977-3FA0-450C-9862-D3EFC6A3C019}"
EndProject
Project("{2150E333-8FDC-42A3-9474-1A3956D46DE8}") = "Solution Items", "Solution Items", "{F38AA530-C62F-48B9-B85C-95100081981F}"
	ProjectSection(SolutionItems) = preProject
		README.md = README.md
	EndProjectSection
EndProject
Global
	GlobalSection(SolutionConfigurationPlatforms) = preSolution
		Debug|Any CPU = Debug|Any CPU
		Debug|x64 = Debug|x64
		Debug|x86 = Debug|x86
		Release|Any CPU = Release|Any CPU
		Release|x64 = Release|x64
		Release|x86 = Release|x86
	EndGlobalSection
	GlobalSection(ProjectConfigurationPlatforms) = postSolution
		{EB758977-3FA0-450C-9862-D3EFC6A3C019}.Debug|Any CPU.ActiveCfg = Debug|Any CPU
		{EB758977-3FA0-450C-9862-D3EFC6A3C019}.Debug|Any CPU.Build.0 = Debug|Any CPU
		{EB758977-3FA0-450C-9862-D3EFC6A3C019}.Debug|x64.ActiveCfg = Debug|Any CPU
		{EB758977-3FA0-450C-9862-D3EFC6A3C019}.Debug|x64.Build.0 = Debug|Any CPU
		{EB758977-3FA0-450C-9862-D3EFC6A3C019}.Debug|x86.ActiveCfg = Debug|Any CPU
		{EB758977-3FA0-450C-9862-D3EFC6A3C019}.Debug|x86.Build.0 = Debug|Any CPU
		{EB758977-3FA0-450C-9862-D3EFC6A3C019}.Release|Any CPU.ActiveCfg = Release|Any CPU
		{EB758977-3FA0-450C-9862-D3EFC6A3C019}.Release|Any CPU.Build.0 = Release|Any CPU
		{EB758977-3FA0-450C-9862-D3EFC6A3C019}.Release|x64.ActiveCfg = Release|Any CPU
		{EB758977-3FA0-450C-9862-D3EFC6A3C019}.Release|x64.Build.0 = Release|Any CPU
		{EB758977-3FA0-450C-9862-D3EFC6A3C019}.Release|x86.ActiveCfg = Release|Any CPU
		{EB758977-3FA0-450C-9862-D3EFC6A3C019}.Release|x86.Build.0 = Release|Any CPU
	EndGlobalSection
	GlobalSection(SolutionProperties) = preSolution
		HideSolutionNode = FALSE
	EndGlobalSection
	GlobalSection(ExtensibilityGlobals) = postSolution
		SolutionGuid = {2410FA5C-535D-4486-BE8A-650E9C8DB2D3}
	EndGlobalSection
EndGlobal
