
Microsoft Visual Studio Solution File, Format Version 12.00
# Visual Studio Version 16
VisualStudioVersion = 16.0.28516.95
MinimumVisualStudioVersion = 10.0.40219.1
Project("{9A19103F-16F7-4668-BE54-9A1E7A4F7556}") = "VisioDemo", "VisioDemo.csproj", "{E00F0AFA-0CCC-4808-9B13-994F2144EBF4}"
EndProject
Global
	GlobalSection(SolutionConfigurationPlatforms) = preSolution
		Debug|Any CPU = Debug|Any CPU
		Release|Any CPU = Release|Any CPU
	EndGlobalSection
	GlobalSection(ProjectConfigurationPlatforms) = postSolution
		{E00F0AFA-0CCC-4808-9B13-994F2144EBF4}.Debug|Any CPU.ActiveCfg = Debug|Any CPU
		{E00F0AFA-0CCC-4808-9B13-994F2144EBF4}.Debug|Any CPU.Build.0 = Debug|Any CPU
		{E00F0AFA-0CCC-4808-9B13-994F2144EBF4}.Release|Any CPU.ActiveCfg = Release|Any CPU
		{E00F0AFA-0CCC-4808-9B13-994F2144EBF4}.Release|Any CPU.Build.0 = Release|Any CPU
	EndGlobalSection
	GlobalSection(SolutionProperties) = preSolution
		HideSolutionNode = FALSE
	EndGlobalSection
	GlobalSection(ExtensibilityGlobals) = postSolution
		SolutionGuid = {16DF2740-4849-4E75-9FC7-DED61C14E111}
	EndGlobalSection
EndGlobal
