
Microsoft Visual Studio Solution File, Format Version 12.00
# Visual Studio Version 16
VisualStudioVersion = 16.0.31624.102
MinimumVisualStudioVersion = 10.0.40219.1
Project("{11A8DD76-328B-46DF-9F39-F559912D0360}") = "NFSensorAzureIoTHub", "NFSensorAzureIoTHub\NFSensorAzureIoTHub.nfproj", "{767AE5F8-17B8-4034-B9B4-DF0740428EAB}"
EndProject
Global
	GlobalSection(SolutionConfigurationPlatforms) = preSolution
		Debug|Any CPU = Debug|Any CPU
		Release|Any CPU = Release|Any CPU
	EndGlobalSection
	GlobalSection(ProjectConfigurationPlatforms) = postSolution
		{767AE5F8-17B8-4034-B9B4-DF0740428EAB}.Debug|Any CPU.ActiveCfg = Debug|Any CPU
		{767AE5F8-17B8-4034-B9B4-DF0740428EAB}.Debug|Any CPU.Build.0 = Debug|Any CPU
		{767AE5F8-17B8-4034-B9B4-DF0740428EAB}.Debug|Any CPU.Deploy.0 = Debug|Any CPU
		{767AE5F8-17B8-4034-B9B4-DF0740428EAB}.Release|Any CPU.ActiveCfg = Release|Any CPU
		{767AE5F8-17B8-4034-B9B4-DF0740428EAB}.Release|Any CPU.Build.0 = Release|Any CPU
		{767AE5F8-17B8-4034-B9B4-DF0740428EAB}.Release|Any CPU.Deploy.0 = Release|Any CPU
	EndGlobalSection
	GlobalSection(SolutionProperties) = preSolution
		HideSolutionNode = FALSE
	EndGlobalSection
	GlobalSection(ExtensibilityGlobals) = postSolution
		SolutionGuid = {D073F67E-9E18-45F6-8D48-126598402078}
	EndGlobalSection
EndGlobal
