
Microsoft Visual Studio Solution File, Format Version 12.00
# Visual Studio Version 16
VisualStudioVersion = 16.0.31205.134
MinimumVisualStudioVersion = 10.0.40219.1
Project("{FAE04EC0-301F-11D3-BF4B-00C04F79EFBC}") = "CS_DemoLocalFunctionsINCS7", "CS_DemoLocalFunctionsINCS7\CS_DemoLocalFunctionsINCS7.csproj", "{5BF38C73-3F52-4A4D-874A-E93AA6005081}"
EndProject
Global
	GlobalSection(SolutionConfigurationPlatforms) = preSolution
		Debug|Any CPU = Debug|Any CPU
		Release|Any CPU = Release|Any CPU
	EndGlobalSection
	GlobalSection(ProjectConfigurationPlatforms) = postSolution
		{5BF38C73-3F52-4A4D-874A-E93AA6005081}.Debug|Any CPU.ActiveCfg = Debug|Any CPU
		{5BF38C73-3F52-4A4D-874A-E93AA6005081}.Debug|Any CPU.Build.0 = Debug|Any CPU
		{5BF38C73-3F52-4A4D-874A-E93AA6005081}.Release|Any CPU.ActiveCfg = Release|Any CPU
		{5BF38C73-3F52-4A4D-874A-E93AA6005081}.Release|Any CPU.Build.0 = Release|Any CPU
	EndGlobalSection
	GlobalSection(SolutionProperties) = preSolution
		HideSolutionNode = FALSE
	EndGlobalSection
	GlobalSection(ExtensibilityGlobals) = postSolution
		SolutionGuid = {A9330FA4-8E45-45BC-8725-793091994A08}
	EndGlobalSection
EndGlobal
