
Microsoft Visual Studio Solution File, Format Version 12.00
# Visual Studio Version 16
VisualStudioVersion = 16.0.31205.134
MinimumVisualStudioVersion = 10.0.40219.1
Project("{FAE04EC0-301F-11D3-BF4B-00C04F79EFBC}") = "CS_DemoLocalFunctionInCS7", "CS_DemoLocalFunctionInCS7\CS_DemoLocalFunctionInCS7.csproj", "{CE866519-D03B-4FFB-A0D5-B53FEC6659AA}"
EndProject
Global
	GlobalSection(SolutionConfigurationPlatforms) = preSolution
		Debug|Any CPU = Debug|Any CPU
		Release|Any CPU = Release|Any CPU
	EndGlobalSection
	GlobalSection(ProjectConfigurationPlatforms) = postSolution
		{CE866519-D03B-4FFB-A0D5-B53FEC6659AA}.Debug|Any CPU.ActiveCfg = Debug|Any CPU
		{CE866519-D03B-4FFB-A0D5-B53FEC6659AA}.Debug|Any CPU.Build.0 = Debug|Any CPU
		{CE866519-D03B-4FFB-A0D5-B53FEC6659AA}.Release|Any CPU.ActiveCfg = Release|Any CPU
		{CE866519-D03B-4FFB-A0D5-B53FEC6659AA}.Release|Any CPU.Build.0 = Release|Any CPU
	EndGlobalSection
	GlobalSection(SolutionProperties) = preSolution
		HideSolutionNode = FALSE
	EndGlobalSection
	GlobalSection(ExtensibilityGlobals) = postSolution
		SolutionGuid = {CCF2FBC2-B60B-486B-80A1-86889407F421}
	EndGlobalSection
EndGlobal
