
Microsoft Visual Studio Solution File, Format Version 12.00
# Visual Studio Version 16
VisualStudioVersion = 16.0.31205.134
MinimumVisualStudioVersion = 10.0.40219.1
Project("{FAE04EC0-301F-11D3-BF4B-00C04F79EFBC}") = "CS_DemoLocalFunctionInCS7", "CS_DemoLocalFunctionInCS7\CS_DemoLocalFunctionInCS7.csproj", "{1EF2B35B-F6D0-4BB4-9288-DAB0268AF70D}"
EndProject
Global
	GlobalSection(SolutionConfigurationPlatforms) = preSolution
		Debug|Any CPU = Debug|Any CPU
		Release|Any CPU = Release|Any CPU
	EndGlobalSection
	GlobalSection(ProjectConfigurationPlatforms) = postSolution
		{1EF2B35B-F6D0-4BB4-9288-DAB0268AF70D}.Debug|Any CPU.ActiveCfg = Debug|Any CPU
		{1EF2B35B-F6D0-4BB4-9288-DAB0268AF70D}.Debug|Any CPU.Build.0 = Debug|Any CPU
		{1EF2B35B-F6D0-4BB4-9288-DAB0268AF70D}.Release|Any CPU.ActiveCfg = Release|Any CPU
		{1EF2B35B-F6D0-4BB4-9288-DAB0268AF70D}.Release|Any CPU.Build.0 = Release|Any CPU
	EndGlobalSection
	GlobalSection(SolutionProperties) = preSolution
		HideSolutionNode = FALSE
	EndGlobalSection
	GlobalSection(ExtensibilityGlobals) = postSolution
		SolutionGuid = {B4D16830-116C-4745-9C99-E1E56423A621}
	EndGlobalSection
EndGlobal
