
Microsoft Visual Studio Solution File, Format Version 12.00
# Visual Studio Version 16
VisualStudioVersion = 16.0.29111.216
MinimumVisualStudioVersion = 10.0.40219.1
Project("{FAE04EC0-301F-11D3-BF4B-00C04F79EFBC}") = "Client", "Client\Client.csproj", "{8EA46192-B5DE-4C36-AE58-194276809AE9}"
EndProject
Project("{FAE04EC0-301F-11D3-BF4B-00C04F79EFBC}") = "Server", "Server\Server.csproj", "{E7445B71-419D-4C66-AC64-46F3A98AF60F}"
EndProject
Project("{FAE04EC0-301F-11D3-BF4B-00C04F79EFBC}") = "Contracts", "Contracts\Contracts.csproj", "{0F99D360-ED06-451A-B728-189FC983F1A1}"
EndProject
Global
	GlobalSection(SolutionConfigurationPlatforms) = preSolution
		Debug|Any CPU = Debug|Any CPU
		Release|Any CPU = Release|Any CPU
	EndGlobalSection
	GlobalSection(ProjectConfigurationPlatforms) = postSolution
		{8EA46192-B5DE-4C36-AE58-194276809AE9}.Debug|Any CPU.ActiveCfg = Debug|Any CPU
		{8EA46192-B5DE-4C36-AE58-194276809AE9}.Debug|Any CPU.Build.0 = Debug|Any CPU
		{8EA46192-B5DE-4C36-AE58-194276809AE9}.Release|Any CPU.ActiveCfg = Release|Any CPU
		{8EA46192-B5DE-4C36-AE58-194276809AE9}.Release|Any CPU.Build.0 = Release|Any CPU
		{E7445B71-419D-4C66-AC64-46F3A98AF60F}.Debug|Any CPU.ActiveCfg = Debug|Any CPU
		{E7445B71-419D-4C66-AC64-46F3A98AF60F}.Debug|Any CPU.Build.0 = Debug|Any CPU
		{E7445B71-419D-4C66-AC64-46F3A98AF60F}.Release|Any CPU.ActiveCfg = Release|Any CPU
		{E7445B71-419D-4C66-AC64-46F3A98AF60F}.Release|Any CPU.Build.0 = Release|Any CPU
		{0F99D360-ED06-451A-B728-189FC983F1A1}.Debug|Any CPU.ActiveCfg = Debug|Any CPU
		{0F99D360-ED06-451A-B728-189FC983F1A1}.Debug|Any CPU.Build.0 = Debug|Any CPU
		{0F99D360-ED06-451A-B728-189FC983F1A1}.Release|Any CPU.ActiveCfg = Release|Any CPU
		{0F99D360-ED06-451A-B728-189FC983F1A1}.Release|Any CPU.Build.0 = Release|Any CPU
	EndGlobalSection
	GlobalSection(SolutionProperties) = preSolution
		HideSolutionNode = FALSE
	EndGlobalSection
	GlobalSection(ExtensibilityGlobals) = postSolution
		SolutionGuid = {1CD6F4D2-64BB-4A39-82E2-E0F0E9841457}
	EndGlobalSection
EndGlobal
