
Microsoft Visual Studio Solution File, Format Version 11.00
# Visual Studio 10
Project("{FAE04EC0-301F-11D3-BF4B-00C04F79EFBC}") = "RentalApprovalService", "RentalApprovalService\RentalApprovalService.csproj", "{07651F98-E604-4936-B009-B55088F386CE}"
	ProjectSection(ProjectDependencies) = postProject
		{FA6AF2DE-30B8-4050-891B-9F0EBB011B48} = {FA6AF2DE-30B8-4050-891B-9F0EBB011B48}
	EndProjectSection
EndProject
Project("{FAE04EC0-301F-11D3-BF4B-00C04F79EFBC}") = "CreditCheckService", "CreditCheckService\CreditCheckService.csproj", "{FA6AF2DE-30B8-4050-891B-9F0EBB011B48}"
EndProject
Project("{FAE04EC0-301F-11D3-BF4B-00C04F79EFBC}") = "Client", "Client\Client.csproj", "{2D20652C-102A-4A88-BE81-03ED1228C6C4}"
	ProjectSection(ProjectDependencies) = postProject
		{07651F98-E604-4936-B009-B55088F386CE} = {07651F98-E604-4936-B009-B55088F386CE}
	EndProjectSection
EndProject
Global
	GlobalSection(SolutionConfigurationPlatforms) = preSolution
		Debug|Any CPU = Debug|Any CPU
		Release|Any CPU = Release|Any CPU
	EndGlobalSection
	GlobalSection(ProjectConfigurationPlatforms) = postSolution
		{07651F98-E604-4936-B009-B55088F386CE}.Debug|Any CPU.ActiveCfg = Debug|Any CPU
		{07651F98-E604-4936-B009-B55088F386CE}.Debug|Any CPU.Build.0 = Debug|Any CPU
		{07651F98-E604-4936-B009-B55088F386CE}.Release|Any CPU.ActiveCfg = Release|Any CPU
		{07651F98-E604-4936-B009-B55088F386CE}.Release|Any CPU.Build.0 = Release|Any CPU
		{FA6AF2DE-30B8-4050-891B-9F0EBB011B48}.Debug|Any CPU.ActiveCfg = Debug|Any CPU
		{FA6AF2DE-30B8-4050-891B-9F0EBB011B48}.Debug|Any CPU.Build.0 = Debug|Any CPU
		{FA6AF2DE-30B8-4050-891B-9F0EBB011B48}.Release|Any CPU.ActiveCfg = Release|Any CPU
		{FA6AF2DE-30B8-4050-891B-9F0EBB011B48}.Release|Any CPU.Build.0 = Release|Any CPU
		{2D20652C-102A-4A88-BE81-03ED1228C6C4}.Debug|Any CPU.ActiveCfg = Debug|Any CPU
		{2D20652C-102A-4A88-BE81-03ED1228C6C4}.Debug|Any CPU.Build.0 = Debug|Any CPU
		{2D20652C-102A-4A88-BE81-03ED1228C6C4}.Release|Any CPU.ActiveCfg = Release|Any CPU
		{2D20652C-102A-4A88-BE81-03ED1228C6C4}.Release|Any CPU.Build.0 = Release|Any CPU
	EndGlobalSection
	GlobalSection(SolutionProperties) = preSolution
		HideSolutionNode = FALSE
	EndGlobalSection
EndGlobal
