
Microsoft Visual Studio Solution File, Format Version 11.00
# Visual Studio 10
Project("{FAE04EC0-301F-11D3-BF4B-00C04F79EFBC}") = "LocalChannel", "LocalChannel\LocalChannel.csproj", "{4AC14F01-864E-4A27-8B5C-D2C9F359B91B}"
EndProject
Project("{FAE04EC0-301F-11D3-BF4B-00C04F79EFBC}") = "ClientAndService", "ClientAndService\ClientAndService.csproj", "{BB9A3437-8DDE-48E9-8E42-5F2673C33155}"
EndProject
Global
	GlobalSection(SolutionConfigurationPlatforms) = preSolution
		Debug|Any CPU = Debug|Any CPU
		Debug|Mixed Platforms = Debug|Mixed Platforms
		Debug|x86 = Debug|x86
		Release|Any CPU = Release|Any CPU
		Release|Mixed Platforms = Release|Mixed Platforms
		Release|x86 = Release|x86
	EndGlobalSection
	GlobalSection(ProjectConfigurationPlatforms) = postSolution
		{4AC14F01-864E-4A27-8B5C-D2C9F359B91B}.Debug|Any CPU.ActiveCfg = Debug|Any CPU
		{4AC14F01-864E-4A27-8B5C-D2C9F359B91B}.Debug|Any CPU.Build.0 = Debug|Any CPU
		{4AC14F01-864E-4A27-8B5C-D2C9F359B91B}.Debug|Mixed Platforms.ActiveCfg = Debug|Any CPU
		{4AC14F01-864E-4A27-8B5C-D2C9F359B91B}.Debug|Mixed Platforms.Build.0 = Debug|Any CPU
		{4AC14F01-864E-4A27-8B5C-D2C9F359B91B}.Debug|x86.ActiveCfg = Debug|Any CPU
		{4AC14F01-864E-4A27-8B5C-D2C9F359B91B}.Release|Any CPU.ActiveCfg = Release|Any CPU
		{4AC14F01-864E-4A27-8B5C-D2C9F359B91B}.Release|Any CPU.Build.0 = Release|Any CPU
		{4AC14F01-864E-4A27-8B5C-D2C9F359B91B}.Release|Mixed Platforms.ActiveCfg = Release|Any CPU
		{4AC14F01-864E-4A27-8B5C-D2C9F359B91B}.Release|Mixed Platforms.Build.0 = Release|Any CPU
		{4AC14F01-864E-4A27-8B5C-D2C9F359B91B}.Release|x86.ActiveCfg = Release|Any CPU
		{BB9A3437-8DDE-48E9-8E42-5F2673C33155}.Debug|Any CPU.ActiveCfg = Debug|x86
		{BB9A3437-8DDE-48E9-8E42-5F2673C33155}.Debug|Mixed Platforms.ActiveCfg = Debug|x86
		{BB9A3437-8DDE-48E9-8E42-5F2673C33155}.Debug|Mixed Platforms.Build.0 = Debug|x86
		{BB9A3437-8DDE-48E9-8E42-5F2673C33155}.Debug|x86.ActiveCfg = Debug|x86
		{BB9A3437-8DDE-48E9-8E42-5F2673C33155}.Debug|x86.Build.0 = Debug|x86
		{BB9A3437-8DDE-48E9-8E42-5F2673C33155}.Release|Any CPU.ActiveCfg = Release|x86
		{BB9A3437-8DDE-48E9-8E42-5F2673C33155}.Release|Mixed Platforms.ActiveCfg = Release|x86
		{BB9A3437-8DDE-48E9-8E42-5F2673C33155}.Release|Mixed Platforms.Build.0 = Release|x86
		{BB9A3437-8DDE-48E9-8E42-5F2673C33155}.Release|x86.ActiveCfg = Release|x86
		{BB9A3437-8DDE-48E9-8E42-5F2673C33155}.Release|x86.Build.0 = Release|x86
	EndGlobalSection
	GlobalSection(SolutionProperties) = preSolution
		HideSolutionNode = FALSE
	EndGlobalSection
EndGlobal
