
Microsoft Visual Studio Solution File, Format Version 11.00
# Visual Studio 2010
Project("{F184B08F-C81C-45F6-A57F-5ABD9991F28F}") = "client", "client\client.vbproj", "{603CD62C-E773-4ECC-AB04-457AC3E84FC2}"
EndProject
Project("{F184B08F-C81C-45F6-A57F-5ABD9991F28F}") = "service", "service\service.vbproj", "{5D9FDE07-8B84-4C90-979E-4BF32AF9DA0C}"
EndProject
Global
	GlobalSection(SolutionConfigurationPlatforms) = preSolution
		Debug|Any CPU = Debug|Any CPU
		Release|Any CPU = Release|Any CPU
	EndGlobalSection
	GlobalSection(ProjectConfigurationPlatforms) = postSolution
		{603CD62C-E773-4ECC-AB04-457AC3E84FC2}.Debug|Any CPU.ActiveCfg = Debug|Any CPU
		{603CD62C-E773-4ECC-AB04-457AC3E84FC2}.Debug|Any CPU.Build.0 = Debug|Any CPU
		{603CD62C-E773-4ECC-AB04-457AC3E84FC2}.Release|Any CPU.ActiveCfg = Release|Any CPU
		{603CD62C-E773-4ECC-AB04-457AC3E84FC2}.Release|Any CPU.Build.0 = Release|Any CPU
		{5D9FDE07-8B84-4C90-979E-4BF32AF9DA0C}.Debug|Any CPU.ActiveCfg = Debug|Any CPU
		{5D9FDE07-8B84-4C90-979E-4BF32AF9DA0C}.Debug|Any CPU.Build.0 = Debug|Any CPU
		{5D9FDE07-8B84-4C90-979E-4BF32AF9DA0C}.Release|Any CPU.ActiveCfg = Release|Any CPU
		{5D9FDE07-8B84-4C90-979E-4BF32AF9DA0C}.Release|Any CPU.Build.0 = Release|Any CPU
	EndGlobalSection
	GlobalSection(SolutionProperties) = preSolution
		HideSolutionNode = FALSE
	EndGlobalSection
EndGlobal
