
Microsoft Visual Studio Solution File, Format Version 12.00
# Visual Studio Version 17
VisualStudioVersion = 17.2.32630.192
MinimumVisualStudioVersion = 10.0.40219.1
Project("{9A19103F-16F7-4668-BE54-9A1E7A4F7556}") = "WindowsFormsApp", "WindowsFormsApp\WindowsFormsApp.csproj", "{0FDAC2AE-B71E-4505-BA3B-820236261240}"
EndProject
Project("{D954291E-2A0B-460D-934E-DC6B0785DB48}") = "SharedProject1", "SharedProject1\SharedProject1.shproj", "{B5787552-D555-48B1-8254-6DA3A97429F6}"
EndProject
Project("{9A19103F-16F7-4668-BE54-9A1E7A4F7556}") = "CoreWindowsFormsApp", "CoreWindowsFormsApp\CoreWindowsFormsApp.csproj", "{F0288ECD-39BE-46FA-9CC2-2A05EA41C16E}"
EndProject
Project("{9A19103F-16F7-4668-BE54-9A1E7A4F7556}") = "WindowsFormsForm", "WindowsFormsForm\WindowsFormsForm.csproj", "{24FAB4BF-867B-4E88-9DCB-9BF24A87EAAC}"
EndProject
Global
	GlobalSection(SolutionConfigurationPlatforms) = preSolution
		Debug|Any CPU = Debug|Any CPU
		Release|Any CPU = Release|Any CPU
	EndGlobalSection
	GlobalSection(ProjectConfigurationPlatforms) = postSolution
		{0FDAC2AE-B71E-4505-BA3B-820236261240}.Debug|Any CPU.ActiveCfg = Debug|Any CPU
		{0FDAC2AE-B71E-4505-BA3B-820236261240}.Debug|Any CPU.Build.0 = Debug|Any CPU
		{0FDAC2AE-B71E-4505-BA3B-820236261240}.Release|Any CPU.ActiveCfg = Release|Any CPU
		{0FDAC2AE-B71E-4505-BA3B-820236261240}.Release|Any CPU.Build.0 = Release|Any CPU
		{F0288ECD-39BE-46FA-9CC2-2A05EA41C16E}.Debug|Any CPU.ActiveCfg = Debug|Any CPU
		{F0288ECD-39BE-46FA-9CC2-2A05EA41C16E}.Debug|Any CPU.Build.0 = Debug|Any CPU
		{F0288ECD-39BE-46FA-9CC2-2A05EA41C16E}.Release|Any CPU.ActiveCfg = Release|Any CPU
		{F0288ECD-39BE-46FA-9CC2-2A05EA41C16E}.Release|Any CPU.Build.0 = Release|Any CPU
		{24FAB4BF-867B-4E88-9DCB-9BF24A87EAAC}.Debug|Any CPU.ActiveCfg = Debug|Any CPU
		{24FAB4BF-867B-4E88-9DCB-9BF24A87EAAC}.Debug|Any CPU.Build.0 = Debug|Any CPU
		{24FAB4BF-867B-4E88-9DCB-9BF24A87EAAC}.Release|Any CPU.ActiveCfg = Release|Any CPU
		{24FAB4BF-867B-4E88-9DCB-9BF24A87EAAC}.Release|Any CPU.Build.0 = Release|Any CPU
	EndGlobalSection
	GlobalSection(SolutionProperties) = preSolution
		HideSolutionNode = FALSE
	EndGlobalSection
	GlobalSection(ExtensibilityGlobals) = postSolution
		SolutionGuid = {DFED4611-7B7B-4931-AF7A-BC610BC5EEA5}
	EndGlobalSection
	GlobalSection(SharedMSBuildProjectFiles) = preSolution
		SharedProject1\SharedProject1.projitems*{0fdac2ae-b71e-4505-ba3b-820236261240}*SharedItemsImports = 5
		SharedProject1\SharedProject1.projitems*{b5787552-d555-48b1-8254-6da3a97429f6}*SharedItemsImports = 13
		SharedProject1\SharedProject1.projitems*{f0288ecd-39be-46fa-9cc2-2a05ea41c16e}*SharedItemsImports = 5
	EndGlobalSection
EndGlobal
