
Microsoft Visual Studio Solution File, Format Version 11.00
# Visual Studio 10
Project("{FAE04EC0-301F-11D3-BF4B-00C04F79EFBC}") = "Service", "Service\Service.csproj", "{66C5F965-7C66-479A-9960-A3CA6080A71B}"
EndProject
Project("{FAE04EC0-301F-11D3-BF4B-00C04F79EFBC}") = "Client", "Client\Client.csproj", "{65BE53C1-CE01-40DC-A0C3-D049F14827B6}"
EndProject
Global
	GlobalSection(SolutionConfigurationPlatforms) = preSolution
		Debug|Any CPU = Debug|Any CPU
		Release|Any CPU = Release|Any CPU
	EndGlobalSection
	GlobalSection(ProjectConfigurationPlatforms) = postSolution
		{66C5F965-7C66-479A-9960-A3CA6080A71B}.Debug|Any CPU.ActiveCfg = Debug|Any CPU
		{66C5F965-7C66-479A-9960-A3CA6080A71B}.Debug|Any CPU.Build.0 = Debug|Any CPU
		{66C5F965-7C66-479A-9960-A3CA6080A71B}.Release|Any CPU.ActiveCfg = Release|Any CPU
		{66C5F965-7C66-479A-9960-A3CA6080A71B}.Release|Any CPU.Build.0 = Release|Any CPU
		{65BE53C1-CE01-40DC-A0C3-D049F14827B6}.Debug|Any CPU.ActiveCfg = Debug|Any CPU
		{65BE53C1-CE01-40DC-A0C3-D049F14827B6}.Debug|Any CPU.Build.0 = Debug|Any CPU
		{65BE53C1-CE01-40DC-A0C3-D049F14827B6}.Release|Any CPU.ActiveCfg = Release|Any CPU
		{65BE53C1-CE01-40DC-A0C3-D049F14827B6}.Release|Any CPU.Build.0 = Release|Any CPU
	EndGlobalSection
	GlobalSection(SolutionProperties) = preSolution
		HideSolutionNode = FALSE
	EndGlobalSection
EndGlobal
