
Microsoft Visual Studio Solution File, Format Version 12.00
# Visual Studio Version 17
VisualStudioVersion = 17.2.32630.192
MinimumVisualStudioVersion = 10.0.40219.1
Project("{9A19103F-16F7-4668-BE54-9A1E7A4F7556}") = "FullFxApp", "FullFxApp\FullFxApp.csproj", "{E1B6E485-C8F3-4F3F-BDEE-DBAD28845BFE}"
EndProject
Project("{9A19103F-16F7-4668-BE54-9A1E7A4F7556}") = "NetApp", "NetApp\NetApp.csproj", "{A79CED68-4B78-4033-B314-980A90436A18}"
EndProject
Project("{2150E333-8FDC-42A3-9474-1A3956D46DE8}") = "Solution Items", "Solution Items", "{962D97FF-E0C4-4882-91DD-99C9116C9077}"
	ProjectSection(SolutionItems) = preProject
		README.md = README.md
	EndProjectSection
EndProject
Global
	GlobalSection(SolutionConfigurationPlatforms) = preSolution
		Debug|Any CPU = Debug|Any CPU
		Release|Any CPU = Release|Any CPU
	EndGlobalSection
	GlobalSection(ProjectConfigurationPlatforms) = postSolution
		{E1B6E485-C8F3-4F3F-BDEE-DBAD28845BFE}.Debug|Any CPU.ActiveCfg = Debug|Any CPU
		{E1B6E485-C8F3-4F3F-BDEE-DBAD28845BFE}.Debug|Any CPU.Build.0 = Debug|Any CPU
		{E1B6E485-C8F3-4F3F-BDEE-DBAD28845BFE}.Release|Any CPU.ActiveCfg = Release|Any CPU
		{E1B6E485-C8F3-4F3F-BDEE-DBAD28845BFE}.Release|Any CPU.Build.0 = Release|Any CPU
		{A79CED68-4B78-4033-B314-980A90436A18}.Debug|Any CPU.ActiveCfg = Debug|Any CPU
		{A79CED68-4B78-4033-B314-980A90436A18}.Debug|Any CPU.Build.0 = Debug|Any CPU
		{A79CED68-4B78-4033-B314-980A90436A18}.Release|Any CPU.ActiveCfg = Release|Any CPU
		{A79CED68-4B78-4033-B314-980A90436A18}.Release|Any CPU.Build.0 = Release|Any CPU
	EndGlobalSection
	GlobalSection(SolutionProperties) = preSolution
		HideSolutionNode = FALSE
	EndGlobalSection
	GlobalSection(ExtensibilityGlobals) = postSolution
		SolutionGuid = {1C6173EA-1DA0-4CC3-A225-9F1459A2765A}
	EndGlobalSection
EndGlobal
