
Microsoft Visual Studio Solution File, Format Version 12.00
# Visual Studio Version 16
VisualStudioVersion = 16.0.30621.155
MinimumVisualStudioVersion = 10.0.40219.1
Project("{FAE04EC0-301F-11D3-BF4B-00C04F79EFBC}") = "CS_DemoLocalFunctions", "CS_DemoLocalFunctions\CS_DemoLocalFunctions.csproj", "{1B6609AF-3E81-4A7E-94D8-9A6BAAFB5BA7}"
EndProject
Global
	GlobalSection(SolutionConfigurationPlatforms) = preSolution
		Debug|Any CPU = Debug|Any CPU
		Release|Any CPU = Release|Any CPU
	EndGlobalSection
	GlobalSection(ProjectConfigurationPlatforms) = postSolution
		{1B6609AF-3E81-4A7E-94D8-9A6BAAFB5BA7}.Debug|Any CPU.ActiveCfg = Debug|Any CPU
		{1B6609AF-3E81-4A7E-94D8-9A6BAAFB5BA7}.Debug|Any CPU.Build.0 = Debug|Any CPU
		{1B6609AF-3E81-4A7E-94D8-9A6BAAFB5BA7}.Release|Any CPU.ActiveCfg = Release|Any CPU
		{1B6609AF-3E81-4A7E-94D8-9A6BAAFB5BA7}.Release|Any CPU.Build.0 = Release|Any CPU
	EndGlobalSection
	GlobalSection(SolutionProperties) = preSolution
		HideSolutionNode = FALSE
	EndGlobalSection
	GlobalSection(ExtensibilityGlobals) = postSolution
		SolutionGuid = {BF98F87F-2F53-4609-B847-2AE078F71921}
	EndGlobalSection
EndGlobal
