
Microsoft Visual Studio Solution File, Format Version 12.00
# Visual Studio Version 16
VisualStudioVersion = 25.0.1706.14
MinimumVisualStudioVersion = 10.0.40219.1
Project("{FAE04EC0-301F-11D3-BF4B-00C04F79EFBC}") = "CyrillicToLatin", "CyrillicToLatin.csproj", "{4802E97A-431C-4BAA-9C01-2B72D44719E4}"
EndProject
Global
	GlobalSection(SolutionConfigurationPlatforms) = preSolution
		Debug|Any CPU = Debug|Any CPU
		Release|Any CPU = Release|Any CPU
	EndGlobalSection
	GlobalSection(ProjectConfigurationPlatforms) = postSolution
		{4802E97A-431C-4BAA-9C01-2B72D44719E4}.Debug|Any CPU.ActiveCfg = Debug|Any CPU
		{4802E97A-431C-4BAA-9C01-2B72D44719E4}.Debug|Any CPU.Build.0 = Debug|Any CPU
		{4802E97A-431C-4BAA-9C01-2B72D44719E4}.Release|Any CPU.ActiveCfg = Release|Any CPU
		{4802E97A-431C-4BAA-9C01-2B72D44719E4}.Release|Any CPU.Build.0 = Release|Any CPU
	EndGlobalSection
	GlobalSection(SolutionProperties) = preSolution
		HideSolutionNode = FALSE
	EndGlobalSection
	GlobalSection(ExtensibilityGlobals) = postSolution
		SolutionGuid = {F93E5FBF-BBA2-4C11-8137-3B7726D29CA0}
	EndGlobalSection
EndGlobal
