
Microsoft Visual Studio Solution File, Format Version 11.00
# Visual Studio 2010
Project("{F184B08F-C81C-45F6-A57F-5ABD9991F28F}") = "client", "client\client.vbproj", "{15585E20-3879-4D92-9A00-BE91E1371A16}"
EndProject
Project("{F184B08F-C81C-45F6-A57F-5ABD9991F28F}") = "service", "service\service.vbproj", "{AAC2B223-56C3-4A1A-89B3-31B3C86ADB2D}"
EndProject
Global
	GlobalSection(SolutionConfigurationPlatforms) = preSolution
		Debug|Any CPU = Debug|Any CPU
		Release|Any CPU = Release|Any CPU
	EndGlobalSection
	GlobalSection(ProjectConfigurationPlatforms) = postSolution
		{15585E20-3879-4D92-9A00-BE91E1371A16}.Debug|Any CPU.ActiveCfg = Debug|Any CPU
		{15585E20-3879-4D92-9A00-BE91E1371A16}.Debug|Any CPU.Build.0 = Debug|Any CPU
		{15585E20-3879-4D92-9A00-BE91E1371A16}.Release|Any CPU.ActiveCfg = Release|Any CPU
		{15585E20-3879-4D92-9A00-BE91E1371A16}.Release|Any CPU.Build.0 = Release|Any CPU
		{AAC2B223-56C3-4A1A-89B3-31B3C86ADB2D}.Debug|Any CPU.ActiveCfg = Debug|Any CPU
		{AAC2B223-56C3-4A1A-89B3-31B3C86ADB2D}.Debug|Any CPU.Build.0 = Debug|Any CPU
		{AAC2B223-56C3-4A1A-89B3-31B3C86ADB2D}.Release|Any CPU.ActiveCfg = Release|Any CPU
		{AAC2B223-56C3-4A1A-89B3-31B3C86ADB2D}.Release|Any CPU.Build.0 = Release|Any CPU
	EndGlobalSection
	GlobalSection(SolutionProperties) = preSolution
		HideSolutionNode = FALSE
	EndGlobalSection
EndGlobal
