
Microsoft Visual Studio Solution File, Format Version 10.00
# Visual Studio 2008
Project("{8BC9CEB8-8B4A-11D0-8D11-00A0C91BC942}") = "ShowHide", "ShowHide.vcproj", "{6CC3C53F-A891-4024-BBF5-DBC153D55CAC}"
EndProject
Global
	GlobalSection(SolutionConfigurationPlatforms) = preSolution
		Debug|Win32 = Debug|Win32
		Release|Win32 = Release|Win32
	EndGlobalSection
	GlobalSection(ProjectConfigurationPlatforms) = postSolution
		{6CC3C53F-A891-4024-BBF5-DBC153D55CAC}.Debug|Win32.ActiveCfg = Debug|Win32
		{6CC3C53F-A891-4024-BBF5-DBC153D55CAC}.Debug|Win32.Build.0 = Debug|Win32
		{6CC3C53F-A891-4024-BBF5-DBC153D55CAC}.Release|Win32.ActiveCfg = Release|Win32
		{6CC3C53F-A891-4024-BBF5-DBC153D55CAC}.Release|Win32.Build.0 = Release|Win32
	EndGlobalSection
	GlobalSection(SolutionProperties) = preSolution
		HideSolutionNode = FALSE
	EndGlobalSection
EndGlobal
