
Microsoft Visual Studio Solution File, Format Version 11.00
# Visual Studio 2010
Project("{FAE04EC0-301F-11D3-BF4B-00C04F79EFBC}") = "WseTcpTransport", "WseTcpTransport.csproj", "{EA93D43D-BD71-46EF-83C0-C56B051E0805}"
EndProject
Global
	GlobalSection(SolutionConfigurationPlatforms) = preSolution
		Debug|Any CPU = Debug|Any CPU
		Release|Any CPU = Release|Any CPU
	EndGlobalSection
	GlobalSection(ProjectConfigurationPlatforms) = postSolution
		{EA93D43D-BD71-46EF-83C0-C56B051E0805}.Debug|Any CPU.ActiveCfg = Debug|Any CPU
		{EA93D43D-BD71-46EF-83C0-C56B051E0805}.Debug|Any CPU.Build.0 = Debug|Any CPU
		{EA93D43D-BD71-46EF-83C0-C56B051E0805}.Release|Any CPU.ActiveCfg = Release|Any CPU
		{EA93D43D-BD71-46EF-83C0-C56B051E0805}.Release|Any CPU.Build.0 = Release|Any CPU
	EndGlobalSection
	GlobalSection(SolutionProperties) = preSolution
		HideSolutionNode = FALSE
	EndGlobalSection
EndGlobal
