
Microsoft Visual Studio Solution File, Format Version 12.00
# Visual Studio 15
VisualStudioVersion = 15.0.27703.2042
MinimumVisualStudioVersion = 10.0.40219.1
Project("{FAE04EC0-301F-11D3-BF4B-00C04F79EFBC}") = "MakeConst", "MakeConst\MakeConst\MakeConst.csproj", "{A25C2E15-50F9-43EA-9DBB-87FCFED2FB24}"
EndProject
Project("{FAE04EC0-301F-11D3-BF4B-00C04F79EFBC}") = "MakeConst.Test", "MakeConst\MakeConst.Test\MakeConst.Test.csproj", "{B8BF1965-CA4F-45AB-BDDD-7772A5CE0612}"
EndProject
Project("{FAE04EC0-301F-11D3-BF4B-00C04F79EFBC}") = "MakeConst.Vsix", "MakeConst\MakeConst.Vsix\MakeConst.Vsix.csproj", "{3CF664FF-1B84-42E0-B87B-5C6CF28C880B}"
EndProject
Global
	GlobalSection(SolutionConfigurationPlatforms) = preSolution
		Debug|Any CPU = Debug|Any CPU
		Release|Any CPU = Release|Any CPU
	EndGlobalSection
	GlobalSection(ProjectConfigurationPlatforms) = postSolution
		{A25C2E15-50F9-43EA-9DBB-87FCFED2FB24}.Debug|Any CPU.ActiveCfg = Debug|Any CPU
		{A25C2E15-50F9-43EA-9DBB-87FCFED2FB24}.Debug|Any CPU.Build.0 = Debug|Any CPU
		{A25C2E15-50F9-43EA-9DBB-87FCFED2FB24}.Release|Any CPU.ActiveCfg = Release|Any CPU
		{A25C2E15-50F9-43EA-9DBB-87FCFED2FB24}.Release|Any CPU.Build.0 = Release|Any CPU
		{B8BF1965-CA4F-45AB-BDDD-7772A5CE0612}.Debug|Any CPU.ActiveCfg = Debug|Any CPU
		{B8BF1965-CA4F-45AB-BDDD-7772A5CE0612}.Debug|Any CPU.Build.0 = Debug|Any CPU
		{B8BF1965-CA4F-45AB-BDDD-7772A5CE0612}.Release|Any CPU.ActiveCfg = Release|Any CPU
		{B8BF1965-CA4F-45AB-BDDD-7772A5CE0612}.Release|Any CPU.Build.0 = Release|Any CPU
		{3CF664FF-1B84-42E0-B87B-5C6CF28C880B}.Debug|Any CPU.ActiveCfg = Debug|Any CPU
		{3CF664FF-1B84-42E0-B87B-5C6CF28C880B}.Debug|Any CPU.Build.0 = Debug|Any CPU
		{3CF664FF-1B84-42E0-B87B-5C6CF28C880B}.Release|Any CPU.ActiveCfg = Release|Any CPU
		{3CF664FF-1B84-42E0-B87B-5C6CF28C880B}.Release|Any CPU.Build.0 = Release|Any CPU
	EndGlobalSection
	GlobalSection(SolutionProperties) = preSolution
		HideSolutionNode = FALSE
	EndGlobalSection
	GlobalSection(ExtensibilityGlobals) = postSolution
		SolutionGuid = {B8FD1575-8A45-488D-8624-ABB0D59B89C7}
	EndGlobalSection
EndGlobal
