
Microsoft Visual Studio Solution File, Format Version 12.00
# Visual Studio 15
VisualStudioVersion = 15.0.28307.168
MinimumVisualStudioVersion = 10.0.40219.1
Project("{FAE04EC0-301F-11D3-BF4B-00C04F79EFBC}") = "IrisFlowerClustering", "IrisFlowerClustering\IrisFlowerClustering.csproj", "{B1297D9B-46A6-4A03-A04E-65B2FAC0B687}"
EndProject
Global
	GlobalSection(SolutionConfigurationPlatforms) = preSolution
		Debug|Any CPU = Debug|Any CPU
		Release|Any CPU = Release|Any CPU
	EndGlobalSection
	GlobalSection(ProjectConfigurationPlatforms) = postSolution
		{B1297D9B-46A6-4A03-A04E-65B2FAC0B687}.Debug|Any CPU.ActiveCfg = Debug|Any CPU
		{B1297D9B-46A6-4A03-A04E-65B2FAC0B687}.Debug|Any CPU.Build.0 = Debug|Any CPU
		{B1297D9B-46A6-4A03-A04E-65B2FAC0B687}.Release|Any CPU.ActiveCfg = Release|Any CPU
		{B1297D9B-46A6-4A03-A04E-65B2FAC0B687}.Release|Any CPU.Build.0 = Release|Any CPU
	EndGlobalSection
	GlobalSection(SolutionProperties) = preSolution
		HideSolutionNode = FALSE
	EndGlobalSection
	GlobalSection(ExtensibilityGlobals) = postSolution
		SolutionGuid = {30D318E3-A018-46F2-8D53-F72211D6BA70}
	EndGlobalSection
EndGlobal
