
Microsoft Visual Studio Solution File, Format Version 12.00
# Visual Studio 15
VisualStudioVersion = 15.0.27703.2035
MinimumVisualStudioVersion = 10.0.40219.1
Project("{FAE04EC0-301F-11D3-BF4B-00C04F79EFBC}") = "IrisClustering", "IrisClustering\IrisClustering.csproj", "{626364D7-6F00-47B1-B1AA-D85B195E58C3}"
EndProject
Global
	GlobalSection(SolutionConfigurationPlatforms) = preSolution
		Debug|Any CPU = Debug|Any CPU
		Release|Any CPU = Release|Any CPU
	EndGlobalSection
	GlobalSection(ProjectConfigurationPlatforms) = postSolution
		{626364D7-6F00-47B1-B1AA-D85B195E58C3}.Debug|Any CPU.ActiveCfg = Debug|Any CPU
		{626364D7-6F00-47B1-B1AA-D85B195E58C3}.Debug|Any CPU.Build.0 = Debug|Any CPU
		{626364D7-6F00-47B1-B1AA-D85B195E58C3}.Release|Any CPU.ActiveCfg = Release|Any CPU
		{626364D7-6F00-47B1-B1AA-D85B195E58C3}.Release|Any CPU.Build.0 = Release|Any CPU
	EndGlobalSection
	GlobalSection(SolutionProperties) = preSolution
		HideSolutionNode = FALSE
	EndGlobalSection
	GlobalSection(ExtensibilityGlobals) = postSolution
		SolutionGuid = {2E510D78-AEA0-4CC3-B923-A48B130618DD}
	EndGlobalSection
EndGlobal
