
Microsoft Visual Studio Solution File, Format Version 12.00
# Visual Studio 15
VisualStudioVersion = 15.0.28307.271
MinimumVisualStudioVersion = 10.0.40219.1
Project("{FAE04EC0-301F-11D3-BF4B-00C04F79EFBC}") = "MovieRecommendation", "MovieRecommendation\MovieRecommendation.csproj", "{DD771791-DD37-45DD-8461-4B3DBFD8F212}"
EndProject
Global
	GlobalSection(SolutionConfigurationPlatforms) = preSolution
		Debug|Any CPU = Debug|Any CPU
		Release|Any CPU = Release|Any CPU
	EndGlobalSection
	GlobalSection(ProjectConfigurationPlatforms) = postSolution
		{DD771791-DD37-45DD-8461-4B3DBFD8F212}.Debug|Any CPU.ActiveCfg = Debug|Any CPU
		{DD771791-DD37-45DD-8461-4B3DBFD8F212}.Debug|Any CPU.Build.0 = Debug|Any CPU
		{DD771791-DD37-45DD-8461-4B3DBFD8F212}.Release|Any CPU.ActiveCfg = Release|Any CPU
		{DD771791-DD37-45DD-8461-4B3DBFD8F212}.Release|Any CPU.Build.0 = Release|Any CPU
	EndGlobalSection
	GlobalSection(SolutionProperties) = preSolution
		HideSolutionNode = FALSE
	EndGlobalSection
	GlobalSection(ExtensibilityGlobals) = postSolution
		SolutionGuid = {964C9D9C-3968-42CD-BD0E-94D24F87BF8A}
	EndGlobalSection
EndGlobal
