
Microsoft Visual Studio Solution File, Format Version 11.00
# Visual Studio 2010
Project("{FAE04EC0-301F-11D3-BF4B-00C04F79EFBC}") = "client", "client\client.csproj", "{C8F5CD12-A639-4431-BC76-BA60B2B379CD}"
	ProjectSection(ProjectDependencies) = postProject
		{1690809B-62A4-4A9F-8746-9D9647177BF0} = {1690809B-62A4-4A9F-8746-9D9647177BF0}
	EndProjectSection
EndProject
Project("{FAE04EC0-301F-11D3-BF4B-00C04F79EFBC}") = "service", "service\service.csproj", "{95E424C0-E517-4607-B7F2-1E3A2F4B649D}"
EndProject
Project("{FAE04EC0-301F-11D3-BF4B-00C04F79EFBC}") = "InternetClientValidator", "InternetClientValidator\InternetClientValidator.csproj", "{1690809B-62A4-4A9F-8746-9D9647177BF0}"
EndProject
Global
	GlobalSection(SolutionConfigurationPlatforms) = preSolution
		Debug|Any CPU = Debug|Any CPU
		Release|Any CPU = Release|Any CPU
	EndGlobalSection
	GlobalSection(ProjectConfigurationPlatforms) = postSolution
		{C8F5CD12-A639-4431-BC76-BA60B2B379CD}.Debug|Any CPU.ActiveCfg = Debug|Any CPU
		{C8F5CD12-A639-4431-BC76-BA60B2B379CD}.Debug|Any CPU.Build.0 = Debug|Any CPU
		{C8F5CD12-A639-4431-BC76-BA60B2B379CD}.Release|Any CPU.ActiveCfg = Release|Any CPU
		{C8F5CD12-A639-4431-BC76-BA60B2B379CD}.Release|Any CPU.Build.0 = Release|Any CPU
		{95E424C0-E517-4607-B7F2-1E3A2F4B649D}.Debug|Any CPU.ActiveCfg = Debug|Any CPU
		{95E424C0-E517-4607-B7F2-1E3A2F4B649D}.Debug|Any CPU.Build.0 = Debug|Any CPU
		{95E424C0-E517-4607-B7F2-1E3A2F4B649D}.Release|Any CPU.ActiveCfg = Release|Any CPU
		{95E424C0-E517-4607-B7F2-1E3A2F4B649D}.Release|Any CPU.Build.0 = Release|Any CPU
		{1690809B-62A4-4A9F-8746-9D9647177BF0}.Debug|Any CPU.ActiveCfg = Debug|Any CPU
		{1690809B-62A4-4A9F-8746-9D9647177BF0}.Debug|Any CPU.Build.0 = Debug|Any CPU
		{1690809B-62A4-4A9F-8746-9D9647177BF0}.Release|Any CPU.ActiveCfg = Release|Any CPU
		{1690809B-62A4-4A9F-8746-9D9647177BF0}.Release|Any CPU.Build.0 = Release|Any CPU
	EndGlobalSection
	GlobalSection(SolutionProperties) = preSolution
		HideSolutionNode = FALSE
	EndGlobalSection
EndGlobal
