
Microsoft Visual Studio Solution File, Format Version 12.00
# Visual Studio Version 16
VisualStudioVersion = 16.0.31205.134
MinimumVisualStudioVersion = 10.0.40219.1
Project("{FAE04EC0-301F-11D3-BF4B-00C04F79EFBC}") = "serialization", "serialization\serialization.csproj", "{C8D265A9-38FE-4744-89CA-2E9F68A56DA4}"
EndProject
Global
	GlobalSection(SolutionConfigurationPlatforms) = preSolution
		Debug|Any CPU = Debug|Any CPU
		Release|Any CPU = Release|Any CPU
	EndGlobalSection
	GlobalSection(ProjectConfigurationPlatforms) = postSolution
		{C8D265A9-38FE-4744-89CA-2E9F68A56DA4}.Debug|Any CPU.ActiveCfg = Debug|Any CPU
		{C8D265A9-38FE-4744-89CA-2E9F68A56DA4}.Debug|Any CPU.Build.0 = Debug|Any CPU
		{C8D265A9-38FE-4744-89CA-2E9F68A56DA4}.Release|Any CPU.ActiveCfg = Release|Any CPU
		{C8D265A9-38FE-4744-89CA-2E9F68A56DA4}.Release|Any CPU.Build.0 = Release|Any CPU
	EndGlobalSection
	GlobalSection(SolutionProperties) = preSolution
		HideSolutionNode = FALSE
	EndGlobalSection
	GlobalSection(ExtensibilityGlobals) = postSolution
		SolutionGuid = {66D8B36C-864A-4CAE-AEBC-D57E4DFF43B9}
	EndGlobalSection
EndGlobal
