
Microsoft Visual Studio Solution File, Format Version 12.00
# Visual Studio Version 17
VisualStudioVersion = 17.2.32630.192
MinimumVisualStudioVersion = 10.0.40219.1
Project("{FAE04EC0-301F-11D3-BF4B-00C04F79EFBC}") = "Website", "website\Website.csproj", "{850BE9C8-B7C5-4A04-8E0B-3E43407F9E18}"
EndProject
Project("{FAE04EC0-301F-11D3-BF4B-00C04F79EFBC}") = "Service", "service\Service.csproj", "{00CA1E03-7C52-4F49-BA92-9F7099E2F7CB}"
EndProject
Global
	GlobalSection(SolutionConfigurationPlatforms) = preSolution
		Debug|Any CPU = Debug|Any CPU
		Release|Any CPU = Release|Any CPU
	EndGlobalSection
	GlobalSection(ProjectConfigurationPlatforms) = postSolution
		{850BE9C8-B7C5-4A04-8E0B-3E43407F9E18}.Debug|Any CPU.ActiveCfg = Debug|Any CPU
		{850BE9C8-B7C5-4A04-8E0B-3E43407F9E18}.Debug|Any CPU.Build.0 = Debug|Any CPU
		{850BE9C8-B7C5-4A04-8E0B-3E43407F9E18}.Release|Any CPU.ActiveCfg = Release|Any CPU
		{850BE9C8-B7C5-4A04-8E0B-3E43407F9E18}.Release|Any CPU.Build.0 = Release|Any CPU
		{00CA1E03-7C52-4F49-BA92-9F7099E2F7CB}.Debug|Any CPU.ActiveCfg = Debug|Any CPU
		{00CA1E03-7C52-4F49-BA92-9F7099E2F7CB}.Debug|Any CPU.Build.0 = Debug|Any CPU
		{00CA1E03-7C52-4F49-BA92-9F7099E2F7CB}.Release|Any CPU.ActiveCfg = Release|Any CPU
		{00CA1E03-7C52-4F49-BA92-9F7099E2F7CB}.Release|Any CPU.Build.0 = Release|Any CPU
	EndGlobalSection
	GlobalSection(SolutionProperties) = preSolution
		HideSolutionNode = FALSE
	EndGlobalSection
	GlobalSection(ExtensibilityGlobals) = postSolution
		SolutionGuid = {9A7034F8-258A-40FC-BA96-28B61439F18A}
	EndGlobalSection
EndGlobal
