
Microsoft Visual Studio Solution File, Format Version 11.00
# Visual Studio 10
Project("{F184B08F-C81C-45F6-A57F-5ABD9991F28F}") = "UsingWorkflowItemPresenter", "UsingWorkflowItemPresenter.vbproj", "{1C04B9F8-629A-4C57-8181-0BA4042AC859}"
EndProject
Global
	GlobalSection(SolutionConfigurationPlatforms) = preSolution
		Debug|Any CPU = Debug|Any CPU
		Release|Any CPU = Release|Any CPU
	EndGlobalSection
	GlobalSection(ProjectConfigurationPlatforms) = postSolution
		{1C04B9F8-629A-4C57-8181-0BA4042AC859}.Debug|Any CPU.ActiveCfg = Debug|Any CPU
		{1C04B9F8-629A-4C57-8181-0BA4042AC859}.Debug|Any CPU.Build.0 = Debug|Any CPU
		{1C04B9F8-629A-4C57-8181-0BA4042AC859}.Release|Any CPU.ActiveCfg = Release|Any CPU
		{1C04B9F8-629A-4C57-8181-0BA4042AC859}.Release|Any CPU.Build.0 = Release|Any CPU
	EndGlobalSection
	GlobalSection(SolutionProperties) = preSolution
		HideSolutionNode = FALSE
	EndGlobalSection
EndGlobal
