
Microsoft Visual Studio Solution File, Format Version 12.00
# Visual Studio Version 16
VisualStudioVersion = 16.0.31205.134
MinimumVisualStudioVersion = 10.0.40219.1
Project("{FAE04EC0-301F-11D3-BF4B-00C04F79EFBC}") = "Lab2_Que04", "Lab2_Que04\Lab2_Que04.csproj", "{EFC84456-FA83-4396-B6F8-9AE160C896FA}"
EndProject
Global
	GlobalSection(SolutionConfigurationPlatforms) = preSolution
		Debug|Any CPU = Debug|Any CPU
		Release|Any CPU = Release|Any CPU
	EndGlobalSection
	GlobalSection(ProjectConfigurationPlatforms) = postSolution
		{EFC84456-FA83-4396-B6F8-9AE160C896FA}.Debug|Any CPU.ActiveCfg = Debug|Any CPU
		{EFC84456-FA83-4396-B6F8-9AE160C896FA}.Debug|Any CPU.Build.0 = Debug|Any CPU
		{EFC84456-FA83-4396-B6F8-9AE160C896FA}.Release|Any CPU.ActiveCfg = Release|Any CPU
		{EFC84456-FA83-4396-B6F8-9AE160C896FA}.Release|Any CPU.Build.0 = Release|Any CPU
	EndGlobalSection
	GlobalSection(SolutionProperties) = preSolution
		HideSolutionNode = FALSE
	EndGlobalSection
	GlobalSection(ExtensibilityGlobals) = postSolution
		SolutionGuid = {A5E3F3D9-91FC-474D-8FF5-E47F91ACAB9F}
	EndGlobalSection
EndGlobal
