
Microsoft Visual Studio Solution File, Format Version 11.00
# Visual Studio 2010
Project("{FAE04EC0-301F-11D3-BF4B-00C04F79EFBC}") = "client", "client\client.csproj", "{F86BF909-06ED-4B1F-8B2A-4C5EA9C8462D}"
EndProject
Project("{FAE04EC0-301F-11D3-BF4B-00C04F79EFBC}") = "service", "service\service.csproj", "{D067DEE6-D9F3-4169-981E-02732E8ABA72}"
EndProject
Global
	GlobalSection(SolutionConfigurationPlatforms) = preSolution
		Debug|Any CPU = Debug|Any CPU
		Release|Any CPU = Release|Any CPU
	EndGlobalSection
	GlobalSection(ProjectConfigurationPlatforms) = postSolution
		{F86BF909-06ED-4B1F-8B2A-4C5EA9C8462D}.Debug|Any CPU.ActiveCfg = Debug|Any CPU
		{F86BF909-06ED-4B1F-8B2A-4C5EA9C8462D}.Debug|Any CPU.Build.0 = Debug|Any CPU
		{F86BF909-06ED-4B1F-8B2A-4C5EA9C8462D}.Release|Any CPU.ActiveCfg = Release|Any CPU
		{F86BF909-06ED-4B1F-8B2A-4C5EA9C8462D}.Release|Any CPU.Build.0 = Release|Any CPU
		{D067DEE6-D9F3-4169-981E-02732E8ABA72}.Debug|Any CPU.ActiveCfg = Debug|Any CPU
		{D067DEE6-D9F3-4169-981E-02732E8ABA72}.Debug|Any CPU.Build.0 = Debug|Any CPU
		{D067DEE6-D9F3-4169-981E-02732E8ABA72}.Release|Any CPU.ActiveCfg = Release|Any CPU
		{D067DEE6-D9F3-4169-981E-02732E8ABA72}.Release|Any CPU.Build.0 = Release|Any CPU
	EndGlobalSection
	GlobalSection(SolutionProperties) = preSolution
		HideSolutionNode = FALSE
	EndGlobalSection
EndGlobal
