
Microsoft Visual Studio Solution File, Format Version 12.00
# Visual Studio Version 16
VisualStudioVersion = 16.0.30104.148
MinimumVisualStudioVersion = 10.0.40219.1
Project("{9A19103F-16F7-4668-BE54-9A1E7A4F7556}") = "XUnit.Project", "XUnit.TestProject\XUnit.Project.csproj", "{04082197-A92E-49DC-8349-F11CB93D9E8E}"
EndProject
Project("{9A19103F-16F7-4668-BE54-9A1E7A4F7556}") = "NUnit.Project", "NUnit.TestProject\NUnit.Project.csproj", "{20D0BC71-F331-4D52-B281-7E743386C536}"
EndProject
Project("{9A19103F-16F7-4668-BE54-9A1E7A4F7556}") = "MSTest.Project", "MSTest.Project\MSTest.Project.csproj", "{2BFAD3EE-A562-4825-995D-462484112A59}"
EndProject
Project("{2150E333-8FDC-42A3-9474-1A3956D46DE8}") = "Solution Items", "Solution Items", "{11197C29-FF8A-40DA-8E27-9BD52125EAF8}"
	ProjectSection(SolutionItems) = preProject
		.gitignore = .gitignore
		README.md = README.md
	EndProjectSection
EndProject
Global
	GlobalSection(SolutionConfigurationPlatforms) = preSolution
		Debug|Any CPU = Debug|Any CPU
		Release|Any CPU = Release|Any CPU
	EndGlobalSection
	GlobalSection(ProjectConfigurationPlatforms) = postSolution
		{04082197-A92E-49DC-8349-F11CB93D9E8E}.Debug|Any CPU.ActiveCfg = Debug|Any CPU
		{04082197-A92E-49DC-8349-F11CB93D9E8E}.Debug|Any CPU.Build.0 = Debug|Any CPU
		{04082197-A92E-49DC-8349-F11CB93D9E8E}.Release|Any CPU.ActiveCfg = Release|Any CPU
		{04082197-A92E-49DC-8349-F11CB93D9E8E}.Release|Any CPU.Build.0 = Release|Any CPU
		{20D0BC71-F331-4D52-B281-7E743386C536}.Debug|Any CPU.ActiveCfg = Debug|Any CPU
		{20D0BC71-F331-4D52-B281-7E743386C536}.Debug|Any CPU.Build.0 = Debug|Any CPU
		{20D0BC71-F331-4D52-B281-7E743386C536}.Release|Any CPU.ActiveCfg = Release|Any CPU
		{20D0BC71-F331-4D52-B281-7E743386C536}.Release|Any CPU.Build.0 = Release|Any CPU
		{2BFAD3EE-A562-4825-995D-462484112A59}.Debug|Any CPU.ActiveCfg = Debug|Any CPU
		{2BFAD3EE-A562-4825-995D-462484112A59}.Debug|Any CPU.Build.0 = Debug|Any CPU
		{2BFAD3EE-A562-4825-995D-462484112A59}.Release|Any CPU.ActiveCfg = Release|Any CPU
		{2BFAD3EE-A562-4825-995D-462484112A59}.Release|Any CPU.Build.0 = Release|Any CPU
	EndGlobalSection
	GlobalSection(SolutionProperties) = preSolution
		HideSolutionNode = FALSE
	EndGlobalSection
	GlobalSection(ExtensibilityGlobals) = postSolution
		SolutionGuid = {CE21C99F-C671-43CC-9CF3-31D8686D5DB9}
	EndGlobalSection
EndGlobal
