
Microsoft Visual Studio Solution File, Format Version 12.00
# Visual Studio Version 16
VisualStudioVersion = 16.0.30413.136
MinimumVisualStudioVersion = 10.0.40219.1
Project("{9A19103F-16F7-4668-BE54-9A1E7A4F7556}") = "BuggyAmb", "BuggyAmb\BuggyAmb.csproj", "{CF2C9DC7-1E26-4C80-8357-061107CD3FFB}"
EndProject
Global
	GlobalSection(SolutionConfigurationPlatforms) = preSolution
		Debug|Any CPU = Debug|Any CPU
		Release|Any CPU = Release|Any CPU
	EndGlobalSection
	GlobalSection(ProjectConfigurationPlatforms) = postSolution
		{CF2C9DC7-1E26-4C80-8357-061107CD3FFB}.Debug|Any CPU.ActiveCfg = Debug|Any CPU
		{CF2C9DC7-1E26-4C80-8357-061107CD3FFB}.Debug|Any CPU.Build.0 = Debug|Any CPU
		{CF2C9DC7-1E26-4C80-8357-061107CD3FFB}.Release|Any CPU.ActiveCfg = Release|Any CPU
		{CF2C9DC7-1E26-4C80-8357-061107CD3FFB}.Release|Any CPU.Build.0 = Release|Any CPU
	EndGlobalSection
	GlobalSection(SolutionProperties) = preSolution
		HideSolutionNode = FALSE
	EndGlobalSection
	GlobalSection(ExtensibilityGlobals) = postSolution
		SolutionGuid = {55708F68-C452-45FD-8677-549E52452D55}
	EndGlobalSection
EndGlobal
