
Microsoft Visual Studio Solution File, Format Version 12.00
# Visual Studio Version 16
VisualStudioVersion = 16.0.31205.134
MinimumVisualStudioVersion = 10.0.40219.1
Project("{FAE04EC0-301F-11D3-BF4B-00C04F79EFBC}") = "CS_DemoRefLocalsAndReturnsCS7", "CS_DemoRefLocalsAndReturnsCS7\CS_DemoRefLocalsAndReturnsCS7.csproj", "{5A347712-64AB-4A80-875D-E3534A9F9935}"
EndProject
Global
	GlobalSection(SolutionConfigurationPlatforms) = preSolution
		Debug|Any CPU = Debug|Any CPU
		Release|Any CPU = Release|Any CPU
	EndGlobalSection
	GlobalSection(ProjectConfigurationPlatforms) = postSolution
		{5A347712-64AB-4A80-875D-E3534A9F9935}.Debug|Any CPU.ActiveCfg = Debug|Any CPU
		{5A347712-64AB-4A80-875D-E3534A9F9935}.Debug|Any CPU.Build.0 = Debug|Any CPU
		{5A347712-64AB-4A80-875D-E3534A9F9935}.Release|Any CPU.ActiveCfg = Release|Any CPU
		{5A347712-64AB-4A80-875D-E3534A9F9935}.Release|Any CPU.Build.0 = Release|Any CPU
	EndGlobalSection
	GlobalSection(SolutionProperties) = preSolution
		HideSolutionNode = FALSE
	EndGlobalSection
	GlobalSection(ExtensibilityGlobals) = postSolution
		SolutionGuid = {97800304-C561-4A4D-9E39-31C52814CA3D}
	EndGlobalSection
EndGlobal
