
Microsoft Visual Studio Solution File, Format Version 11.00
# Visual Studio 10
Project("{FAE04EC0-301F-11D3-BF4B-00C04F79EFBC}") = "client", "client\client.csproj", "{68A87B1B-36AC-44E1-8D35-977816811572}"
EndProject
Project("{FAE04EC0-301F-11D3-BF4B-00C04F79EFBC}") = "service", "service\service.csproj", "{B3857098-A417-426E-8EC1-3445F0A99DFC}"
EndProject
Global
	GlobalSection(SolutionConfigurationPlatforms) = preSolution
		Debug|Any CPU = Debug|Any CPU
		Release|Any CPU = Release|Any CPU
	EndGlobalSection
	GlobalSection(ProjectConfigurationPlatforms) = postSolution
		{68A87B1B-36AC-44E1-8D35-977816811572}.Debug|Any CPU.ActiveCfg = Debug|Any CPU
		{68A87B1B-36AC-44E1-8D35-977816811572}.Debug|Any CPU.Build.0 = Debug|Any CPU
		{68A87B1B-36AC-44E1-8D35-977816811572}.Release|Any CPU.ActiveCfg = Release|Any CPU
		{68A87B1B-36AC-44E1-8D35-977816811572}.Release|Any CPU.Build.0 = Release|Any CPU
		{B3857098-A417-426E-8EC1-3445F0A99DFC}.Debug|Any CPU.ActiveCfg = Debug|Any CPU
		{B3857098-A417-426E-8EC1-3445F0A99DFC}.Debug|Any CPU.Build.0 = Debug|Any CPU
		{B3857098-A417-426E-8EC1-3445F0A99DFC}.Release|Any CPU.ActiveCfg = Release|Any CPU
		{B3857098-A417-426E-8EC1-3445F0A99DFC}.Release|Any CPU.Build.0 = Release|Any CPU
	EndGlobalSection
	GlobalSection(SolutionProperties) = preSolution
		HideSolutionNode = FALSE
	EndGlobalSection
EndGlobal
