
Microsoft Visual Studio Solution File, Format Version 12.00
# Visual Studio Version 16
VisualStudioVersion = 16.0.30621.155
MinimumVisualStudioVersion = 10.0.40219.1
Project("{FAE04EC0-301F-11D3-BF4B-00C04F79EFBC}") = "DemoSerialization", "DemoSerialization\DemoSerialization.csproj", "{B99C647A-655D-4A10-ACDB-94556B4E25E3}"
EndProject
Global
	GlobalSection(SolutionConfigurationPlatforms) = preSolution
		Debug|Any CPU = Debug|Any CPU
		Release|Any CPU = Release|Any CPU
	EndGlobalSection
	GlobalSection(ProjectConfigurationPlatforms) = postSolution
		{B99C647A-655D-4A10-ACDB-94556B4E25E3}.Debug|Any CPU.ActiveCfg = Debug|Any CPU
		{B99C647A-655D-4A10-ACDB-94556B4E25E3}.Debug|Any CPU.Build.0 = Debug|Any CPU
		{B99C647A-655D-4A10-ACDB-94556B4E25E3}.Release|Any CPU.ActiveCfg = Release|Any CPU
		{B99C647A-655D-4A10-ACDB-94556B4E25E3}.Release|Any CPU.Build.0 = Release|Any CPU
	EndGlobalSection
	GlobalSection(SolutionProperties) = preSolution
		HideSolutionNode = FALSE
	EndGlobalSection
	GlobalSection(ExtensibilityGlobals) = postSolution
		SolutionGuid = {A4AF0423-1878-4C4D-881B-3ABC4C7B46E6}
	EndGlobalSection
EndGlobal
