
Microsoft Visual Studio Solution File, Format Version 11.00
# Visual Studio 2010
Project("{F184B08F-C81C-45F6-A57F-5ABD9991F28F}") = "client", "client\client.vbproj", "{8054272B-228C-404C-B722-189E37170242}"
EndProject
Project("{F184B08F-C81C-45F6-A57F-5ABD9991F28F}") = "service", "service\service.vbproj", "{6BA7BF6C-7868-496C-AB7D-A4568773CCD0}"
EndProject
Global
	GlobalSection(SolutionConfigurationPlatforms) = preSolution
		Debug|Any CPU = Debug|Any CPU
		Release|Any CPU = Release|Any CPU
	EndGlobalSection
	GlobalSection(ProjectConfigurationPlatforms) = postSolution
		{8054272B-228C-404C-B722-189E37170242}.Debug|Any CPU.ActiveCfg = Debug|Any CPU
		{8054272B-228C-404C-B722-189E37170242}.Debug|Any CPU.Build.0 = Debug|Any CPU
		{8054272B-228C-404C-B722-189E37170242}.Release|Any CPU.ActiveCfg = Release|Any CPU
		{8054272B-228C-404C-B722-189E37170242}.Release|Any CPU.Build.0 = Release|Any CPU
		{6BA7BF6C-7868-496C-AB7D-A4568773CCD0}.Debug|Any CPU.ActiveCfg = Debug|Any CPU
		{6BA7BF6C-7868-496C-AB7D-A4568773CCD0}.Debug|Any CPU.Build.0 = Debug|Any CPU
		{6BA7BF6C-7868-496C-AB7D-A4568773CCD0}.Release|Any CPU.ActiveCfg = Release|Any CPU
		{6BA7BF6C-7868-496C-AB7D-A4568773CCD0}.Release|Any CPU.Build.0 = Release|Any CPU
	EndGlobalSection
	GlobalSection(SolutionProperties) = preSolution
		HideSolutionNode = FALSE
	EndGlobalSection
EndGlobal
