
Microsoft Visual Studio Solution File, Format Version 11.00
# Visual Studio 2010
Project("{FAE04EC0-301F-11D3-BF4B-00C04F79EFBC}") = "SuspendedInstanceManagement", "SuspendedInstanceManagement\SuspendedInstanceManagement.csproj", "{A7774196-DF03-48D4-96C0-8D3B402D46AC}"
EndProject
Project("{FAE04EC0-301F-11D3-BF4B-00C04F79EFBC}") = "SampleWorkflowApp", "SampleWorkflowApp\SampleWorkflowApp.csproj", "{EA57AF2A-F3E8-47BF-870E-4AC5826B8FEA}"
EndProject
Global
	GlobalSection(SolutionConfigurationPlatforms) = preSolution
		Debug|Any CPU = Debug|Any CPU
		Debug|Mixed Platforms = Debug|Mixed Platforms
		Debug|x86 = Debug|x86
		Release|Any CPU = Release|Any CPU
		Release|Mixed Platforms = Release|Mixed Platforms
		Release|x86 = Release|x86
	EndGlobalSection
	GlobalSection(ProjectConfigurationPlatforms) = postSolution
		{A7774196-DF03-48D4-96C0-8D3B402D46AC}.Debug|Any CPU.ActiveCfg = Debug|x86
		{A7774196-DF03-48D4-96C0-8D3B402D46AC}.Debug|Mixed Platforms.ActiveCfg = Debug|x86
		{A7774196-DF03-48D4-96C0-8D3B402D46AC}.Debug|Mixed Platforms.Build.0 = Debug|x86
		{A7774196-DF03-48D4-96C0-8D3B402D46AC}.Debug|x86.ActiveCfg = Debug|x86
		{A7774196-DF03-48D4-96C0-8D3B402D46AC}.Debug|x86.Build.0 = Debug|x86
		{A7774196-DF03-48D4-96C0-8D3B402D46AC}.Release|Any CPU.ActiveCfg = Release|x86
		{A7774196-DF03-48D4-96C0-8D3B402D46AC}.Release|Mixed Platforms.ActiveCfg = Release|x86
		{A7774196-DF03-48D4-96C0-8D3B402D46AC}.Release|Mixed Platforms.Build.0 = Release|x86
		{A7774196-DF03-48D4-96C0-8D3B402D46AC}.Release|x86.ActiveCfg = Release|x86
		{A7774196-DF03-48D4-96C0-8D3B402D46AC}.Release|x86.Build.0 = Release|x86
		{EA57AF2A-F3E8-47BF-870E-4AC5826B8FEA}.Debug|Any CPU.ActiveCfg = Debug|x86
		{EA57AF2A-F3E8-47BF-870E-4AC5826B8FEA}.Debug|Mixed Platforms.ActiveCfg = Debug|x86
		{EA57AF2A-F3E8-47BF-870E-4AC5826B8FEA}.Debug|Mixed Platforms.Build.0 = Debug|x86
		{EA57AF2A-F3E8-47BF-870E-4AC5826B8FEA}.Debug|x86.ActiveCfg = Debug|x86
		{EA57AF2A-F3E8-47BF-870E-4AC5826B8FEA}.Debug|x86.Build.0 = Debug|x86
		{EA57AF2A-F3E8-47BF-870E-4AC5826B8FEA}.Release|Any CPU.ActiveCfg = Release|x86
		{EA57AF2A-F3E8-47BF-870E-4AC5826B8FEA}.Release|Mixed Platforms.ActiveCfg = Release|x86
		{EA57AF2A-F3E8-47BF-870E-4AC5826B8FEA}.Release|Mixed Platforms.Build.0 = Release|x86
		{EA57AF2A-F3E8-47BF-870E-4AC5826B8FEA}.Release|x86.ActiveCfg = Release|x86
		{EA57AF2A-F3E8-47BF-870E-4AC5826B8FEA}.Release|x86.Build.0 = Release|x86
	EndGlobalSection
	GlobalSection(SolutionProperties) = preSolution
		HideSolutionNode = FALSE
	EndGlobalSection
EndGlobal
