
Microsoft Visual Studio Solution File, Format Version 11.00
# Visual Studio 2010
Project("{FAE04EC0-301F-11D3-BF4B-00C04F79EFBC}") = "UsingEditingScope", "UsingEditingScope.csproj", "{7CBE6AAD-7E3C-4F8B-9073-3982E05A14CE}"
EndProject
Global
	GlobalSection(SolutionConfigurationPlatforms) = preSolution
		Debug|Any CPU = Debug|Any CPU
		Release|Any CPU = Release|Any CPU
	EndGlobalSection
	GlobalSection(ProjectConfigurationPlatforms) = postSolution
		{7CBE6AAD-7E3C-4F8B-9073-3982E05A14CE}.Debug|Any CPU.ActiveCfg = Debug|Any CPU
		{7CBE6AAD-7E3C-4F8B-9073-3982E05A14CE}.Debug|Any CPU.Build.0 = Debug|Any CPU
		{7CBE6AAD-7E3C-4F8B-9073-3982E05A14CE}.Release|Any CPU.ActiveCfg = Release|Any CPU
		{7CBE6AAD-7E3C-4F8B-9073-3982E05A14CE}.Release|Any CPU.Build.0 = Release|Any CPU
	EndGlobalSection
	GlobalSection(SolutionProperties) = preSolution
		HideSolutionNode = FALSE
	EndGlobalSection
EndGlobal
