
Microsoft Visual Studio Solution File, Format Version 12.00
# Visual Studio Version 16
VisualStudioVersion = 16.0.31205.134
MinimumVisualStudioVersion = 10.0.40219.1
Project("{FAE04EC0-301F-11D3-BF4B-00C04F79EFBC}") = "ThrowExpression", "ThrowExpression\ThrowExpression.csproj", "{353B202B-15A5-4241-8BA7-4FE045C6DD09}"
EndProject
Global
	GlobalSection(SolutionConfigurationPlatforms) = preSolution
		Debug|Any CPU = Debug|Any CPU
		Release|Any CPU = Release|Any CPU
	EndGlobalSection
	GlobalSection(ProjectConfigurationPlatforms) = postSolution
		{353B202B-15A5-4241-8BA7-4FE045C6DD09}.Debug|Any CPU.ActiveCfg = Debug|Any CPU
		{353B202B-15A5-4241-8BA7-4FE045C6DD09}.Debug|Any CPU.Build.0 = Debug|Any CPU
		{353B202B-15A5-4241-8BA7-4FE045C6DD09}.Release|Any CPU.ActiveCfg = Release|Any CPU
		{353B202B-15A5-4241-8BA7-4FE045C6DD09}.Release|Any CPU.Build.0 = Release|Any CPU
	EndGlobalSection
	GlobalSection(SolutionProperties) = preSolution
		HideSolutionNode = FALSE
	EndGlobalSection
	GlobalSection(ExtensibilityGlobals) = postSolution
		SolutionGuid = {1E64413A-4E49-4869-ACA3-A1D5957BDC77}
	EndGlobalSection
EndGlobal
