
Microsoft Visual Studio Solution File, Format Version 12.00
# Visual Studio Version 16
VisualStudioVersion = 16.0.31205.134
MinimumVisualStudioVersion = 10.0.40219.1
Project("{FAE04EC0-301F-11D3-BF4B-00C04F79EFBC}") = "FileIO_Demo", "FileIO_Demo\FileIO_Demo.csproj", "{5EFBDAB1-DC03-4DF2-9282-91D33FDE112D}"
EndProject
Global
	GlobalSection(SolutionConfigurationPlatforms) = preSolution
		Debug|Any CPU = Debug|Any CPU
		Release|Any CPU = Release|Any CPU
	EndGlobalSection
	GlobalSection(ProjectConfigurationPlatforms) = postSolution
		{5EFBDAB1-DC03-4DF2-9282-91D33FDE112D}.Debug|Any CPU.ActiveCfg = Debug|Any CPU
		{5EFBDAB1-DC03-4DF2-9282-91D33FDE112D}.Debug|Any CPU.Build.0 = Debug|Any CPU
		{5EFBDAB1-DC03-4DF2-9282-91D33FDE112D}.Release|Any CPU.ActiveCfg = Release|Any CPU
		{5EFBDAB1-DC03-4DF2-9282-91D33FDE112D}.Release|Any CPU.Build.0 = Release|Any CPU
	EndGlobalSection
	GlobalSection(SolutionProperties) = preSolution
		HideSolutionNode = FALSE
	EndGlobalSection
	GlobalSection(ExtensibilityGlobals) = postSolution
		SolutionGuid = {960A6FE3-2A9C-480E-9587-2BEBA0A07B75}
	EndGlobalSection
EndGlobal
