
Microsoft Visual Studio Solution File, Format Version 12.00
# Visual Studio Version 17
VisualStudioVersion = 17.2.32630.192
MinimumVisualStudioVersion = 10.0.40219.1
Project("{FAE04EC0-301F-11D3-BF4B-00C04F79EFBC}") = "service", "service\service.csproj", "{D067DEE6-D9F3-4169-981E-02732E8ABA72}"
EndProject
Global
	GlobalSection(SolutionConfigurationPlatforms) = preSolution
		Debug|Any CPU = Debug|Any CPU
		Release|Any CPU = Release|Any CPU
	EndGlobalSection
	GlobalSection(ProjectConfigurationPlatforms) = postSolution
		{D067DEE6-D9F3-4169-981E-02732E8ABA72}.Debug|Any CPU.ActiveCfg = Debug|Any CPU
		{D067DEE6-D9F3-4169-981E-02732E8ABA72}.Debug|Any CPU.Build.0 = Debug|Any CPU
		{D067DEE6-D9F3-4169-981E-02732E8ABA72}.Release|Any CPU.ActiveCfg = Release|Any CPU
		{D067DEE6-D9F3-4169-981E-02732E8ABA72}.Release|Any CPU.Build.0 = Release|Any CPU
	EndGlobalSection
	GlobalSection(SolutionProperties) = preSolution
		HideSolutionNode = FALSE
	EndGlobalSection
	GlobalSection(ExtensibilityGlobals) = postSolution
		SolutionGuid = {C292E1DC-717F-4141-BDD4-164F77AB5D0A}
	EndGlobalSection
EndGlobal
