
Microsoft Visual Studio Solution File, Format Version 12.00
# Visual Studio Version 16
VisualStudioVersion = 16.0.31205.134
MinimumVisualStudioVersion = 10.0.40219.1
Project("{FAE04EC0-301F-11D3-BF4B-00C04F79EFBC}") = "CS_DemoJasonSerialization", "CS_DemoJasonSerialization\CS_DemoJasonSerialization.csproj", "{012B977F-94E5-4A75-A356-1DA794375E59}"
EndProject
Global
	GlobalSection(SolutionConfigurationPlatforms) = preSolution
		Debug|Any CPU = Debug|Any CPU
		Release|Any CPU = Release|Any CPU
	EndGlobalSection
	GlobalSection(ProjectConfigurationPlatforms) = postSolution
		{012B977F-94E5-4A75-A356-1DA794375E59}.Debug|Any CPU.ActiveCfg = Debug|Any CPU
		{012B977F-94E5-4A75-A356-1DA794375E59}.Debug|Any CPU.Build.0 = Debug|Any CPU
		{012B977F-94E5-4A75-A356-1DA794375E59}.Release|Any CPU.ActiveCfg = Release|Any CPU
		{012B977F-94E5-4A75-A356-1DA794375E59}.Release|Any CPU.Build.0 = Release|Any CPU
	EndGlobalSection
	GlobalSection(SolutionProperties) = preSolution
		HideSolutionNode = FALSE
	EndGlobalSection
	GlobalSection(ExtensibilityGlobals) = postSolution
		SolutionGuid = {B4B46C3A-0A8F-40D7-987A-3A7723FD012C}
	EndGlobalSection
EndGlobal
