
Microsoft Visual Studio Solution File, Format Version 12.00
# Visual Studio Version 16
VisualStudioVersion = 16.0.31205.134
MinimumVisualStudioVersion = 10.0.40219.1
Project("{FAE04EC0-301F-11D3-BF4B-00C04F79EFBC}") = "CS_DemoJsonSerialization", "CS_DemoJsonSerialization\CS_DemoJsonSerialization.csproj", "{F37AB3DE-E220-4B4D-A519-F657EA29FC46}"
EndProject
Global
	GlobalSection(SolutionConfigurationPlatforms) = preSolution
		Debug|Any CPU = Debug|Any CPU
		Release|Any CPU = Release|Any CPU
	EndGlobalSection
	GlobalSection(ProjectConfigurationPlatforms) = postSolution
		{F37AB3DE-E220-4B4D-A519-F657EA29FC46}.Debug|Any CPU.ActiveCfg = Debug|Any CPU
		{F37AB3DE-E220-4B4D-A519-F657EA29FC46}.Debug|Any CPU.Build.0 = Debug|Any CPU
		{F37AB3DE-E220-4B4D-A519-F657EA29FC46}.Release|Any CPU.ActiveCfg = Release|Any CPU
		{F37AB3DE-E220-4B4D-A519-F657EA29FC46}.Release|Any CPU.Build.0 = Release|Any CPU
	EndGlobalSection
	GlobalSection(SolutionProperties) = preSolution
		HideSolutionNode = FALSE
	EndGlobalSection
	GlobalSection(ExtensibilityGlobals) = postSolution
		SolutionGuid = {8724ACFF-2357-4A06-89B1-3A91EE517ED6}
	EndGlobalSection
EndGlobal
