
Microsoft Visual Studio Solution File, Format Version 12.00
# Visual Studio Version 17
VisualStudioVersion = 17.0.32112.339
MinimumVisualStudioVersion = 10.0.40219.1
Project("{9A19103F-16F7-4668-BE54-9A1E7A4F7556}") = "AppSettingStronglyTyped", "AppSettingStronglyTyped\AppSettingStronglyTyped.csproj", "{0EDB0B2F-8086-4F4E-9413-425CB9D47185}"
EndProject
Project("{9A19103F-16F7-4668-BE54-9A1E7A4F7556}") = "AppSettingStronglyTyped.Test", "AppSettingStronglyTyped.Test\AppSettingStronglyTyped.Test.csproj", "{307BBB4B-1FB2-4704-B4B0-E46476D0E779}"
EndProject
Global
    GlobalSection(SolutionConfigurationPlatforms) = preSolution
        Debug|Any CPU = Debug|Any CPU
        Release|Any CPU = Release|Any CPU
    EndGlobalSection
    GlobalSection(ProjectConfigurationPlatforms) = postSolution
        {0EDB0B2F-8086-4F4E-9413-425CB9D47185}.Debug|Any CPU.ActiveCfg = Debug|Any CPU
        {0EDB0B2F-8086-4F4E-9413-425CB9D47185}.Debug|Any CPU.Build.0 = Debug|Any CPU
        {0EDB0B2F-8086-4F4E-9413-425CB9D47185}.Release|Any CPU.ActiveCfg = Release|Any CPU
        {0EDB0B2F-8086-4F4E-9413-425CB9D47185}.Release|Any CPU.Build.0 = Release|Any CPU
        {307BBB4B-1FB2-4704-B4B0-E46476D0E779}.Debug|Any CPU.ActiveCfg = Debug|Any CPU
        {307BBB4B-1FB2-4704-B4B0-E46476D0E779}.Debug|Any CPU.Build.0 = Debug|Any CPU
        {307BBB4B-1FB2-4704-B4B0-E46476D0E779}.Release|Any CPU.ActiveCfg = Release|Any CPU
        {307BBB4B-1FB2-4704-B4B0-E46476D0E779}.Release|Any CPU.Build.0 = Release|Any CPU
    EndGlobalSection
    GlobalSection(SolutionProperties) = preSolution
        HideSolutionNode = FALSE
    EndGlobalSection
    GlobalSection(ExtensibilityGlobals) = postSolution
        SolutionGuid = {D787CCF5-BC40-4E16-AF66-03C528D9E9B0}
    EndGlobalSection
EndGlobal
