
Microsoft Visual Studio Solution File, Format Version 12.00
# Visual Studio Version 17
VisualStudioVersion = 17.10.34707.107
MinimumVisualStudioVersion = 10.0.40219.1
Project("{9A19103F-16F7-4668-BE54-9A1E7A4F7556}") = "Silo", "Silo\Silo.csproj", "{3B374D11-D14D-4F9A-AF5F-8E941E52A544}"
EndProject
Project("{9A19103F-16F7-4668-BE54-9A1E7A4F7556}") = "Common", "..\Common\Common.csproj", "{5C1B9E40-298A-4A8A-9077-2FF87B1C2F69}"
EndProject
Project("{9A19103F-16F7-4668-BE54-9A1E7A4F7556}") = "GrainInterfaces", "GrainInterfaces\GrainInterfaces.csproj", "{75E26AC8-58C2-41DC-AF31-0098FD2238DA}"
EndProject
Project("{9A19103F-16F7-4668-BE54-9A1E7A4F7556}") = "Grains", "Grains\Grains.csproj", "{522F5332-93B0-42EE-901D-F88EA748D99B}"
EndProject
Project("{9A19103F-16F7-4668-BE54-9A1E7A4F7556}") = "NonOrleansClient", "NonOrleansClient\NonOrleansClient.csproj", "{B0661EEE-5788-4E41-A5C3-6A4796B5D1EC}"
EndProject
Project("{2150E333-8FDC-42A3-9474-1A3956D46DE8}") = "Solution Items", "Solution Items", "{C5BA2FA4-2192-494F-80FA-25ED80465295}"
	ProjectSection(SolutionItems) = preProject
		Directory.Build.props = Directory.Build.props
		README.md = README.md
	EndProjectSection
EndProject
Global
	GlobalSection(SolutionConfigurationPlatforms) = preSolution
		Debug|Any CPU = Debug|Any CPU
		Release|Any CPU = Release|Any CPU
	EndGlobalSection
	GlobalSection(ProjectConfigurationPlatforms) = postSolution
		{3B374D11-D14D-4F9A-AF5F-8E941E52A544}.Debug|Any CPU.ActiveCfg = Debug|Any CPU
		{3B374D11-D14D-4F9A-AF5F-8E941E52A544}.Debug|Any CPU.Build.0 = Debug|Any CPU
		{3B374D11-D14D-4F9A-AF5F-8E941E52A544}.Release|Any CPU.ActiveCfg = Release|Any CPU
		{3B374D11-D14D-4F9A-AF5F-8E941E52A544}.Release|Any CPU.Build.0 = Release|Any CPU
		{5C1B9E40-298A-4A8A-9077-2FF87B1C2F69}.Debug|Any CPU.ActiveCfg = Debug|Any CPU
		{5C1B9E40-298A-4A8A-9077-2FF87B1C2F69}.Debug|Any CPU.Build.0 = Debug|Any CPU
		{5C1B9E40-298A-4A8A-9077-2FF87B1C2F69}.Release|Any CPU.ActiveCfg = Release|Any CPU
		{5C1B9E40-298A-4A8A-9077-2FF87B1C2F69}.Release|Any CPU.Build.0 = Release|Any CPU
		{75E26AC8-58C2-41DC-AF31-0098FD2238DA}.Debug|Any CPU.ActiveCfg = Debug|Any CPU
		{75E26AC8-58C2-41DC-AF31-0098FD2238DA}.Debug|Any CPU.Build.0 = Debug|Any CPU
		{75E26AC8-58C2-41DC-AF31-0098FD2238DA}.Release|Any CPU.ActiveCfg = Release|Any CPU
		{75E26AC8-58C2-41DC-AF31-0098FD2238DA}.Release|Any CPU.Build.0 = Release|Any CPU
		{522F5332-93B0-42EE-901D-F88EA748D99B}.Debug|Any CPU.ActiveCfg = Debug|Any CPU
		{522F5332-93B0-42EE-901D-F88EA748D99B}.Debug|Any CPU.Build.0 = Debug|Any CPU
		{522F5332-93B0-42EE-901D-F88EA748D99B}.Release|Any CPU.ActiveCfg = Release|Any CPU
		{522F5332-93B0-42EE-901D-F88EA748D99B}.Release|Any CPU.Build.0 = Release|Any CPU
		{B0661EEE-5788-4E41-A5C3-6A4796B5D1EC}.Debug|Any CPU.ActiveCfg = Debug|Any CPU
		{B0661EEE-5788-4E41-A5C3-6A4796B5D1EC}.Debug|Any CPU.Build.0 = Debug|Any CPU
		{B0661EEE-5788-4E41-A5C3-6A4796B5D1EC}.Release|Any CPU.ActiveCfg = Release|Any CPU
		{B0661EEE-5788-4E41-A5C3-6A4796B5D1EC}.Release|Any CPU.Build.0 = Release|Any CPU
	EndGlobalSection
	GlobalSection(SolutionProperties) = preSolution
		HideSolutionNode = FALSE
	EndGlobalSection
	GlobalSection(ExtensibilityGlobals) = postSolution
		SolutionGuid = {C6252BA8-289A-4B19-831D-D7305C6A94AD}
	EndGlobalSection
EndGlobal
