
Microsoft Visual Studio Solution File, Format Version 12.00
# Visual Studio 15
VisualStudioVersion = 15.0.26730.3
MinimumVisualStudioVersion = 10.0.40219.1
Project("{FAE04EC0-301F-11D3-BF4B-00C04F79EFBC}") = "unit-testing-best-practices", "unit-testing-best-practices\unit-testing-best-practices.csproj", "{EB6EF801-FD91-406D-B73E-26A4C82C50B8}"
EndProject
Project("{FAE04EC0-301F-11D3-BF4B-00C04F79EFBC}") = "unit-testing-best-practices-better-tests", "unit-testing-best-practices-better-tests\unit-testing-best-practices-better-tests.csproj", "{2B59F5D9-7A09-47AE-92A6-3BEE6C2A5E47}"
EndProject
Project("{FAE04EC0-301F-11D3-BF4B-00C04F79EFBC}") = "unit-testing-best-practices-bad-tests", "unit-testing-best-practices-bad-tests\unit-testing-best-practices-bad-tests.csproj", "{1853DD71-5442-49FB-814C-269D2C7E3DDA}"
EndProject
Global
	GlobalSection(SolutionConfigurationPlatforms) = preSolution
		Debug|Any CPU = Debug|Any CPU
		Release|Any CPU = Release|Any CPU
	EndGlobalSection
	GlobalSection(ProjectConfigurationPlatforms) = postSolution
		{EB6EF801-FD91-406D-B73E-26A4C82C50B8}.Debug|Any CPU.ActiveCfg = Debug|Any CPU
		{EB6EF801-FD91-406D-B73E-26A4C82C50B8}.Debug|Any CPU.Build.0 = Debug|Any CPU
		{EB6EF801-FD91-406D-B73E-26A4C82C50B8}.Release|Any CPU.ActiveCfg = Release|Any CPU
		{EB6EF801-FD91-406D-B73E-26A4C82C50B8}.Release|Any CPU.Build.0 = Release|Any CPU
		{2B59F5D9-7A09-47AE-92A6-3BEE6C2A5E47}.Debug|Any CPU.ActiveCfg = Debug|Any CPU
		{2B59F5D9-7A09-47AE-92A6-3BEE6C2A5E47}.Debug|Any CPU.Build.0 = Debug|Any CPU
		{2B59F5D9-7A09-47AE-92A6-3BEE6C2A5E47}.Release|Any CPU.ActiveCfg = Release|Any CPU
		{2B59F5D9-7A09-47AE-92A6-3BEE6C2A5E47}.Release|Any CPU.Build.0 = Release|Any CPU
		{1853DD71-5442-49FB-814C-269D2C7E3DDA}.Debug|Any CPU.ActiveCfg = Debug|Any CPU
		{1853DD71-5442-49FB-814C-269D2C7E3DDA}.Debug|Any CPU.Build.0 = Debug|Any CPU
		{1853DD71-5442-49FB-814C-269D2C7E3DDA}.Release|Any CPU.ActiveCfg = Release|Any CPU
		{1853DD71-5442-49FB-814C-269D2C7E3DDA}.Release|Any CPU.Build.0 = Release|Any CPU
	EndGlobalSection
	GlobalSection(SolutionProperties) = preSolution
		HideSolutionNode = FALSE
	EndGlobalSection
	GlobalSection(ExtensibilityGlobals) = postSolution
		SolutionGuid = {0B165E7B-D55A-4804-B23B-79953ACD3653}
	EndGlobalSection
EndGlobal
