
Microsoft Visual Studio Solution File, Format Version 12.00
# Visual Studio Version 16
VisualStudioVersion = 16.0.30011.19
MinimumVisualStudioVersion = 10.0.40219.1
Project("{9A19103F-16F7-4668-BE54-9A1E7A4F7556}") = "EditDistance", "EditDistance\EditDistance.csproj", "{AADEFB4C-DC41-465F-ADDF-E26A69C8F671}"
EndProject
Project("{9A19103F-16F7-4668-BE54-9A1E7A4F7556}") = "ParallelGrep", "ParallelGrep\ParallelGrep.csproj", "{A561219C-22E5-4C48-AF1A-B12E3CC1FE69}"
EndProject
Project("{9A19103F-16F7-4668-BE54-9A1E7A4F7556}") = "ParallelExtensionsExtras", "ParallelExtensionsExtras\ParallelExtensionsExtras.csproj", "{609B2DE4-6836-4AB8-B1B4-E448D0956D49}"
EndProject
Project("{9A19103F-16F7-4668-BE54-9A1E7A4F7556}") = "ComputePi", "ComputePi\ComputePi.csproj", "{2FA04FD0-4988-4F2C-8796-0F30F04935EB}"
EndProject
Project("{9A19103F-16F7-4668-BE54-9A1E7A4F7556}") = "PLINQ", "PLINQ\PLINQ.csproj", "{699D8DEF-D8B2-4CD9-BDE9-C09E65123B38}"
EndProject
Project("{FAE04EC0-301F-11D3-BF4B-00C04F79EFBC}") = "Raytracer", "Raytracer\Raytracer.csproj", "{5F0EF7AE-8B94-4538-8339-2EC4B8F936E4}"
EndProject
Project("{FAE04EC0-301F-11D3-BF4B-00C04F79EFBC}") = "Raytracer.Wpf", "Raytracer.Wpf\Raytracer.Wpf.csproj", "{C01C8D06-707C-4258-9EB4-1EE101F7B21A}"
EndProject
Global
	GlobalSection(SolutionConfigurationPlatforms) = preSolution
		Debug|Any CPU = Debug|Any CPU
		Debug|ARM = Debug|ARM
		Debug|ARM64 = Debug|ARM64
		Debug|x64 = Debug|x64
		Debug|x86 = Debug|x86
		Release|Any CPU = Release|Any CPU
		Release|ARM = Release|ARM
		Release|ARM64 = Release|ARM64
		Release|x64 = Release|x64
		Release|x86 = Release|x86
	EndGlobalSection
	GlobalSection(ProjectConfigurationPlatforms) = postSolution
		{AADEFB4C-DC41-465F-ADDF-E26A69C8F671}.Debug|Any CPU.ActiveCfg = Debug|Any CPU
		{AADEFB4C-DC41-465F-ADDF-E26A69C8F671}.Debug|Any CPU.Build.0 = Debug|Any CPU
		{AADEFB4C-DC41-465F-ADDF-E26A69C8F671}.Debug|ARM.ActiveCfg = Debug|Any CPU
		{AADEFB4C-DC41-465F-ADDF-E26A69C8F671}.Debug|ARM.Build.0 = Debug|Any CPU
		{AADEFB4C-DC41-465F-ADDF-E26A69C8F671}.Debug|ARM64.ActiveCfg = Debug|Any CPU
		{AADEFB4C-DC41-465F-ADDF-E26A69C8F671}.Debug|ARM64.Build.0 = Debug|Any CPU
		{AADEFB4C-DC41-465F-ADDF-E26A69C8F671}.Debug|x64.ActiveCfg = Debug|Any CPU
		{AADEFB4C-DC41-465F-ADDF-E26A69C8F671}.Debug|x64.Build.0 = Debug|Any CPU
		{AADEFB4C-DC41-465F-ADDF-E26A69C8F671}.Debug|x86.ActiveCfg = Debug|Any CPU
		{AADEFB4C-DC41-465F-ADDF-E26A69C8F671}.Debug|x86.Build.0 = Debug|Any CPU
		{AADEFB4C-DC41-465F-ADDF-E26A69C8F671}.Release|Any CPU.ActiveCfg = Release|Any CPU
		{AADEFB4C-DC41-465F-ADDF-E26A69C8F671}.Release|Any CPU.Build.0 = Release|Any CPU
		{AADEFB4C-DC41-465F-ADDF-E26A69C8F671}.Release|ARM.ActiveCfg = Release|Any CPU
		{AADEFB4C-DC41-465F-ADDF-E26A69C8F671}.Release|ARM.Build.0 = Release|Any CPU
		{AADEFB4C-DC41-465F-ADDF-E26A69C8F671}.Release|ARM64.ActiveCfg = Release|Any CPU
		{AADEFB4C-DC41-465F-ADDF-E26A69C8F671}.Release|ARM64.Build.0 = Release|Any CPU
		{AADEFB4C-DC41-465F-ADDF-E26A69C8F671}.Release|x64.ActiveCfg = Release|Any CPU
		{AADEFB4C-DC41-465F-ADDF-E26A69C8F671}.Release|x64.Build.0 = Release|Any CPU
		{AADEFB4C-DC41-465F-ADDF-E26A69C8F671}.Release|x86.ActiveCfg = Release|Any CPU
		{AADEFB4C-DC41-465F-ADDF-E26A69C8F671}.Release|x86.Build.0 = Release|Any CPU
		{A561219C-22E5-4C48-AF1A-B12E3CC1FE69}.Debug|Any CPU.ActiveCfg = Debug|Any CPU
		{A561219C-22E5-4C48-AF1A-B12E3CC1FE69}.Debug|Any CPU.Build.0 = Debug|Any CPU
		{A561219C-22E5-4C48-AF1A-B12E3CC1FE69}.Debug|ARM.ActiveCfg = Debug|Any CPU
		{A561219C-22E5-4C48-AF1A-B12E3CC1FE69}.Debug|ARM.Build.0 = Debug|Any CPU
		{A561219C-22E5-4C48-AF1A-B12E3CC1FE69}.Debug|ARM64.ActiveCfg = Debug|Any CPU
		{A561219C-22E5-4C48-AF1A-B12E3CC1FE69}.Debug|ARM64.Build.0 = Debug|Any CPU
		{A561219C-22E5-4C48-AF1A-B12E3CC1FE69}.Debug|x64.ActiveCfg = Debug|Any CPU
		{A561219C-22E5-4C48-AF1A-B12E3CC1FE69}.Debug|x64.Build.0 = Debug|Any CPU
		{A561219C-22E5-4C48-AF1A-B12E3CC1FE69}.Debug|x86.ActiveCfg = Debug|Any CPU
		{A561219C-22E5-4C48-AF1A-B12E3CC1FE69}.Debug|x86.Build.0 = Debug|Any CPU
		{A561219C-22E5-4C48-AF1A-B12E3CC1FE69}.Release|Any CPU.ActiveCfg = Release|Any CPU
		{A561219C-22E5-4C48-AF1A-B12E3CC1FE69}.Release|Any CPU.Build.0 = Release|Any CPU
		{A561219C-22E5-4C48-AF1A-B12E3CC1FE69}.Release|ARM.ActiveCfg = Release|Any CPU
		{A561219C-22E5-4C48-AF1A-B12E3CC1FE69}.Release|ARM.Build.0 = Release|Any CPU
		{A561219C-22E5-4C48-AF1A-B12E3CC1FE69}.Release|ARM64.ActiveCfg = Release|Any CPU
		{A561219C-22E5-4C48-AF1A-B12E3CC1FE69}.Release|ARM64.Build.0 = Release|Any CPU
		{A561219C-22E5-4C48-AF1A-B12E3CC1FE69}.Release|x64.ActiveCfg = Release|Any CPU
		{A561219C-22E5-4C48-AF1A-B12E3CC1FE69}.Release|x64.Build.0 = Release|Any CPU
		{A561219C-22E5-4C48-AF1A-B12E3CC1FE69}.Release|x86.ActiveCfg = Release|Any CPU
		{A561219C-22E5-4C48-AF1A-B12E3CC1FE69}.Release|x86.Build.0 = Release|Any CPU
		{609B2DE4-6836-4AB8-B1B4-E448D0956D49}.Debug|Any CPU.ActiveCfg = Debug|Any CPU
		{609B2DE4-6836-4AB8-B1B4-E448D0956D49}.Debug|Any CPU.Build.0 = Debug|Any CPU
		{609B2DE4-6836-4AB8-B1B4-E448D0956D49}.Debug|ARM.ActiveCfg = Debug|Any CPU
		{609B2DE4-6836-4AB8-B1B4-E448D0956D49}.Debug|ARM.Build.0 = Debug|Any CPU
		{609B2DE4-6836-4AB8-B1B4-E448D0956D49}.Debug|ARM64.ActiveCfg = Debug|Any CPU
		{609B2DE4-6836-4AB8-B1B4-E448D0956D49}.Debug|ARM64.Build.0 = Debug|Any CPU
		{609B2DE4-6836-4AB8-B1B4-E448D0956D49}.Debug|x64.ActiveCfg = Debug|Any CPU
		{609B2DE4-6836-4AB8-B1B4-E448D0956D49}.Debug|x64.Build.0 = Debug|Any CPU
		{609B2DE4-6836-4AB8-B1B4-E448D0956D49}.Debug|x86.ActiveCfg = Debug|Any CPU
		{609B2DE4-6836-4AB8-B1B4-E448D0956D49}.Debug|x86.Build.0 = Debug|Any CPU
		{609B2DE4-6836-4AB8-B1B4-E448D0956D49}.Release|Any CPU.ActiveCfg = Release|Any CPU
		{609B2DE4-6836-4AB8-B1B4-E448D0956D49}.Release|Any CPU.Build.0 = Release|Any CPU
		{609B2DE4-6836-4AB8-B1B4-E448D0956D49}.Release|ARM.ActiveCfg = Release|Any CPU
		{609B2DE4-6836-4AB8-B1B4-E448D0956D49}.Release|ARM.Build.0 = Release|Any CPU
		{609B2DE4-6836-4AB8-B1B4-E448D0956D49}.Release|ARM64.ActiveCfg = Release|Any CPU
		{609B2DE4-6836-4AB8-B1B4-E448D0956D49}.Release|ARM64.Build.0 = Release|Any CPU
		{609B2DE4-6836-4AB8-B1B4-E448D0956D49}.Release|x64.ActiveCfg = Release|Any CPU
		{609B2DE4-6836-4AB8-B1B4-E448D0956D49}.Release|x64.Build.0 = Release|Any CPU
		{609B2DE4-6836-4AB8-B1B4-E448D0956D49}.Release|x86.ActiveCfg = Release|Any CPU
		{609B2DE4-6836-4AB8-B1B4-E448D0956D49}.Release|x86.Build.0 = Release|Any CPU
		{2FA04FD0-4988-4F2C-8796-0F30F04935EB}.Debug|Any CPU.ActiveCfg = Debug|Any CPU
		{2FA04FD0-4988-4F2C-8796-0F30F04935EB}.Debug|Any CPU.Build.0 = Debug|Any CPU
		{2FA04FD0-4988-4F2C-8796-0F30F04935EB}.Debug|ARM.ActiveCfg = Debug|Any CPU
		{2FA04FD0-4988-4F2C-8796-0F30F04935EB}.Debug|ARM.Build.0 = Debug|Any CPU
		{2FA04FD0-4988-4F2C-8796-0F30F04935EB}.Debug|ARM64.ActiveCfg = Debug|Any CPU
		{2FA04FD0-4988-4F2C-8796-0F30F04935EB}.Debug|ARM64.Build.0 = Debug|Any CPU
		{2FA04FD0-4988-4F2C-8796-0F30F04935EB}.Debug|x64.ActiveCfg = Debug|Any CPU
		{2FA04FD0-4988-4F2C-8796-0F30F04935EB}.Debug|x64.Build.0 = Debug|Any CPU
		{2FA04FD0-4988-4F2C-8796-0F30F04935EB}.Debug|x86.ActiveCfg = Debug|Any CPU
		{2FA04FD0-4988-4F2C-8796-0F30F04935EB}.Debug|x86.Build.0 = Debug|Any CPU
		{2FA04FD0-4988-4F2C-8796-0F30F04935EB}.Release|Any CPU.ActiveCfg = Release|Any CPU
		{2FA04FD0-4988-4F2C-8796-0F30F04935EB}.Release|Any CPU.Build.0 = Release|Any CPU
		{2FA04FD0-4988-4F2C-8796-0F30F04935EB}.Release|ARM.ActiveCfg = Release|Any CPU
		{2FA04FD0-4988-4F2C-8796-0F30F04935EB}.Release|ARM.Build.0 = Release|Any CPU
		{2FA04FD0-4988-4F2C-8796-0F30F04935EB}.Release|ARM64.ActiveCfg = Release|Any CPU
		{2FA04FD0-4988-4F2C-8796-0F30F04935EB}.Release|ARM64.Build.0 = Release|Any CPU
		{2FA04FD0-4988-4F2C-8796-0F30F04935EB}.Release|x64.ActiveCfg = Release|Any CPU
		{2FA04FD0-4988-4F2C-8796-0F30F04935EB}.Release|x64.Build.0 = Release|Any CPU
		{2FA04FD0-4988-4F2C-8796-0F30F04935EB}.Release|x86.ActiveCfg = Release|Any CPU
		{2FA04FD0-4988-4F2C-8796-0F30F04935EB}.Release|x86.Build.0 = Release|Any CPU
		{699D8DEF-D8B2-4CD9-BDE9-C09E65123B38}.Debug|Any CPU.ActiveCfg = Debug|Any CPU
		{699D8DEF-D8B2-4CD9-BDE9-C09E65123B38}.Debug|Any CPU.Build.0 = Debug|Any CPU
		{699D8DEF-D8B2-4CD9-BDE9-C09E65123B38}.Debug|ARM.ActiveCfg = Debug|Any CPU
		{699D8DEF-D8B2-4CD9-BDE9-C09E65123B38}.Debug|ARM.Build.0 = Debug|Any CPU
		{699D8DEF-D8B2-4CD9-BDE9-C09E65123B38}.Debug|ARM64.ActiveCfg = Debug|Any CPU
		{699D8DEF-D8B2-4CD9-BDE9-C09E65123B38}.Debug|ARM64.Build.0 = Debug|Any CPU
		{699D8DEF-D8B2-4CD9-BDE9-C09E65123B38}.Debug|x64.ActiveCfg = Debug|Any CPU
		{699D8DEF-D8B2-4CD9-BDE9-C09E65123B38}.Debug|x64.Build.0 = Debug|Any CPU
		{699D8DEF-D8B2-4CD9-BDE9-C09E65123B38}.Debug|x86.ActiveCfg = Debug|Any CPU
		{699D8DEF-D8B2-4CD9-BDE9-C09E65123B38}.Debug|x86.Build.0 = Debug|Any CPU
		{699D8DEF-D8B2-4CD9-BDE9-C09E65123B38}.Release|Any CPU.ActiveCfg = Release|Any CPU
		{699D8DEF-D8B2-4CD9-BDE9-C09E65123B38}.Release|Any CPU.Build.0 = Release|Any CPU
		{699D8DEF-D8B2-4CD9-BDE9-C09E65123B38}.Release|ARM.ActiveCfg = Release|Any CPU
		{699D8DEF-D8B2-4CD9-BDE9-C09E65123B38}.Release|ARM.Build.0 = Release|Any CPU
		{699D8DEF-D8B2-4CD9-BDE9-C09E65123B38}.Release|ARM64.ActiveCfg = Release|Any CPU
		{699D8DEF-D8B2-4CD9-BDE9-C09E65123B38}.Release|ARM64.Build.0 = Release|Any CPU
		{699D8DEF-D8B2-4CD9-BDE9-C09E65123B38}.Release|x64.ActiveCfg = Release|Any CPU
		{699D8DEF-D8B2-4CD9-BDE9-C09E65123B38}.Release|x64.Build.0 = Release|Any CPU
		{699D8DEF-D8B2-4CD9-BDE9-C09E65123B38}.Release|x86.ActiveCfg = Release|Any CPU
		{699D8DEF-D8B2-4CD9-BDE9-C09E65123B38}.Release|x86.Build.0 = Release|Any CPU
		{5F0EF7AE-8B94-4538-8339-2EC4B8F936E4}.Debug|Any CPU.ActiveCfg = Debug|Any CPU
		{5F0EF7AE-8B94-4538-8339-2EC4B8F936E4}.Debug|Any CPU.Build.0 = Debug|Any CPU
		{5F0EF7AE-8B94-4538-8339-2EC4B8F936E4}.Debug|ARM.ActiveCfg = Debug|Any CPU
		{5F0EF7AE-8B94-4538-8339-2EC4B8F936E4}.Debug|ARM.Build.0 = Debug|Any CPU
		{5F0EF7AE-8B94-4538-8339-2EC4B8F936E4}.Debug|ARM64.ActiveCfg = Debug|Any CPU
		{5F0EF7AE-8B94-4538-8339-2EC4B8F936E4}.Debug|ARM64.Build.0 = Debug|Any CPU
		{5F0EF7AE-8B94-4538-8339-2EC4B8F936E4}.Debug|x64.ActiveCfg = Debug|Any CPU
		{5F0EF7AE-8B94-4538-8339-2EC4B8F936E4}.Debug|x64.Build.0 = Debug|Any CPU
		{5F0EF7AE-8B94-4538-8339-2EC4B8F936E4}.Debug|x86.ActiveCfg = Debug|Any CPU
		{5F0EF7AE-8B94-4538-8339-2EC4B8F936E4}.Debug|x86.Build.0 = Debug|Any CPU
		{5F0EF7AE-8B94-4538-8339-2EC4B8F936E4}.Release|Any CPU.ActiveCfg = Release|Any CPU
		{5F0EF7AE-8B94-4538-8339-2EC4B8F936E4}.Release|Any CPU.Build.0 = Release|Any CPU
		{5F0EF7AE-8B94-4538-8339-2EC4B8F936E4}.Release|ARM.ActiveCfg = Release|Any CPU
		{5F0EF7AE-8B94-4538-8339-2EC4B8F936E4}.Release|ARM.Build.0 = Release|Any CPU
		{5F0EF7AE-8B94-4538-8339-2EC4B8F936E4}.Release|ARM64.ActiveCfg = Release|Any CPU
		{5F0EF7AE-8B94-4538-8339-2EC4B8F936E4}.Release|ARM64.Build.0 = Release|Any CPU
		{5F0EF7AE-8B94-4538-8339-2EC4B8F936E4}.Release|x64.ActiveCfg = Release|Any CPU
		{5F0EF7AE-8B94-4538-8339-2EC4B8F936E4}.Release|x64.Build.0 = Release|Any CPU
		{5F0EF7AE-8B94-4538-8339-2EC4B8F936E4}.Release|x86.ActiveCfg = Release|Any CPU
		{5F0EF7AE-8B94-4538-8339-2EC4B8F936E4}.Release|x86.Build.0 = Release|Any CPU
		{C01C8D06-707C-4258-9EB4-1EE101F7B21A}.Debug|Any CPU.ActiveCfg = Debug|Any CPU
		{C01C8D06-707C-4258-9EB4-1EE101F7B21A}.Debug|Any CPU.Build.0 = Debug|Any CPU
		{C01C8D06-707C-4258-9EB4-1EE101F7B21A}.Debug|ARM.ActiveCfg = Debug|Any CPU
		{C01C8D06-707C-4258-9EB4-1EE101F7B21A}.Debug|ARM.Build.0 = Debug|Any CPU
		{C01C8D06-707C-4258-9EB4-1EE101F7B21A}.Debug|ARM64.ActiveCfg = Debug|Any CPU
		{C01C8D06-707C-4258-9EB4-1EE101F7B21A}.Debug|ARM64.Build.0 = Debug|Any CPU
		{C01C8D06-707C-4258-9EB4-1EE101F7B21A}.Debug|x64.ActiveCfg = Debug|Any CPU
		{C01C8D06-707C-4258-9EB4-1EE101F7B21A}.Debug|x64.Build.0 = Debug|Any CPU
		{C01C8D06-707C-4258-9EB4-1EE101F7B21A}.Debug|x86.ActiveCfg = Debug|Any CPU
		{C01C8D06-707C-4258-9EB4-1EE101F7B21A}.Debug|x86.Build.0 = Debug|Any CPU
		{C01C8D06-707C-4258-9EB4-1EE101F7B21A}.Release|Any CPU.ActiveCfg = Release|Any CPU
		{C01C8D06-707C-4258-9EB4-1EE101F7B21A}.Release|Any CPU.Build.0 = Release|Any CPU
		{C01C8D06-707C-4258-9EB4-1EE101F7B21A}.Release|ARM.ActiveCfg = Release|Any CPU
		{C01C8D06-707C-4258-9EB4-1EE101F7B21A}.Release|ARM.Build.0 = Release|Any CPU
		{C01C8D06-707C-4258-9EB4-1EE101F7B21A}.Release|ARM64.ActiveCfg = Release|Any CPU
		{C01C8D06-707C-4258-9EB4-1EE101F7B21A}.Release|ARM64.Build.0 = Release|Any CPU
		{C01C8D06-707C-4258-9EB4-1EE101F7B21A}.Release|x64.ActiveCfg = Release|Any CPU
		{C01C8D06-707C-4258-9EB4-1EE101F7B21A}.Release|x64.Build.0 = Release|Any CPU
		{C01C8D06-707C-4258-9EB4-1EE101F7B21A}.Release|x86.ActiveCfg = Release|Any CPU
		{C01C8D06-707C-4258-9EB4-1EE101F7B21A}.Release|x86.Build.0 = Release|Any CPU
	EndGlobalSection
	GlobalSection(SolutionProperties) = preSolution
		HideSolutionNode = FALSE
	EndGlobalSection
	GlobalSection(ExtensibilityGlobals) = postSolution
		SolutionGuid = {189EA972-7AFA-43B1-BC80-18C9F7263E41}
	EndGlobalSection
EndGlobal
