
Microsoft Visual Studio Solution File, Format Version 12.00
# Visual Studio Version 17
VisualStudioVersion = 17.3.32629.440
MinimumVisualStudioVersion = 10.0.40219.1
Project("{9A19103F-16F7-4668-BE54-9A1E7A4F7556}") = "custommarshalling", "custommarshalling\custommarshalling.csproj", "{BD539154-F4AB-4001-9456-93DC25DF356F}"
EndProject
Project("{8BC9CEB8-8B4A-11D0-8D11-00A0C91BC942}") = "nativelib.vs", "nativelib\nativelib.vs.vcxproj", "{BA9D31E5-D9B0-4370-9607-45612AE7C6C6}"
EndProject
Project("{2150E333-8FDC-42A3-9474-1A3956D46DE8}") = "build", "build", "{44D015E0-4017-42A0-AB64-054F06F1CB3D}"
EndProject
Project("{9A19103F-16F7-4668-BE54-9A1E7A4F7556}") = "nativelib", "nativelib\nativelib.csproj", "{26317EAD-2EC8-45D5-A35B-15FC4BA5074A}"
EndProject
Global
	GlobalSection(SolutionConfigurationPlatforms) = preSolution
		Debug|Any CPU = Debug|Any CPU
		Debug|x64 = Debug|x64
		Debug|x86 = Debug|x86
		Release|Any CPU = Release|Any CPU
		Release|x64 = Release|x64
		Release|x86 = Release|x86
	EndGlobalSection
	GlobalSection(ProjectConfigurationPlatforms) = postSolution
		{BD539154-F4AB-4001-9456-93DC25DF356F}.Debug|Any CPU.ActiveCfg = Debug|Any CPU
		{BD539154-F4AB-4001-9456-93DC25DF356F}.Debug|Any CPU.Build.0 = Debug|Any CPU
		{BD539154-F4AB-4001-9456-93DC25DF356F}.Debug|x64.ActiveCfg = Debug|Any CPU
		{BD539154-F4AB-4001-9456-93DC25DF356F}.Debug|x64.Build.0 = Debug|Any CPU
		{BD539154-F4AB-4001-9456-93DC25DF356F}.Debug|x86.ActiveCfg = Debug|Any CPU
		{BD539154-F4AB-4001-9456-93DC25DF356F}.Debug|x86.Build.0 = Debug|Any CPU
		{BD539154-F4AB-4001-9456-93DC25DF356F}.Release|Any CPU.ActiveCfg = Release|Any CPU
		{BD539154-F4AB-4001-9456-93DC25DF356F}.Release|Any CPU.Build.0 = Release|Any CPU
		{BD539154-F4AB-4001-9456-93DC25DF356F}.Release|x64.ActiveCfg = Release|Any CPU
		{BD539154-F4AB-4001-9456-93DC25DF356F}.Release|x64.Build.0 = Release|Any CPU
		{BD539154-F4AB-4001-9456-93DC25DF356F}.Release|x86.ActiveCfg = Release|Any CPU
		{BD539154-F4AB-4001-9456-93DC25DF356F}.Release|x86.Build.0 = Release|Any CPU
		{BA9D31E5-D9B0-4370-9607-45612AE7C6C6}.Debug|Any CPU.ActiveCfg = Debug|x64
		{BA9D31E5-D9B0-4370-9607-45612AE7C6C6}.Debug|Any CPU.Build.0 = Debug|x64
		{BA9D31E5-D9B0-4370-9607-45612AE7C6C6}.Debug|x64.ActiveCfg = Debug|x64
		{BA9D31E5-D9B0-4370-9607-45612AE7C6C6}.Debug|x64.Build.0 = Debug|x64
		{BA9D31E5-D9B0-4370-9607-45612AE7C6C6}.Debug|x86.ActiveCfg = Debug|Win32
		{BA9D31E5-D9B0-4370-9607-45612AE7C6C6}.Debug|x86.Build.0 = Debug|Win32
		{BA9D31E5-D9B0-4370-9607-45612AE7C6C6}.Release|Any CPU.ActiveCfg = Release|x64
		{BA9D31E5-D9B0-4370-9607-45612AE7C6C6}.Release|Any CPU.Build.0 = Release|x64
		{BA9D31E5-D9B0-4370-9607-45612AE7C6C6}.Release|x64.ActiveCfg = Release|x64
		{BA9D31E5-D9B0-4370-9607-45612AE7C6C6}.Release|x64.Build.0 = Release|x64
		{BA9D31E5-D9B0-4370-9607-45612AE7C6C6}.Release|x86.ActiveCfg = Release|Win32
		{BA9D31E5-D9B0-4370-9607-45612AE7C6C6}.Release|x86.Build.0 = Release|Win32
		{26317EAD-2EC8-45D5-A35B-15FC4BA5074A}.Debug|Any CPU.ActiveCfg = Debug|Any CPU
		{26317EAD-2EC8-45D5-A35B-15FC4BA5074A}.Debug|Any CPU.Build.0 = Debug|Any CPU
		{26317EAD-2EC8-45D5-A35B-15FC4BA5074A}.Debug|x64.ActiveCfg = Debug|Any CPU
		{26317EAD-2EC8-45D5-A35B-15FC4BA5074A}.Debug|x64.Build.0 = Debug|Any CPU
		{26317EAD-2EC8-45D5-A35B-15FC4BA5074A}.Debug|x86.ActiveCfg = Debug|Any CPU
		{26317EAD-2EC8-45D5-A35B-15FC4BA5074A}.Debug|x86.Build.0 = Debug|Any CPU
		{26317EAD-2EC8-45D5-A35B-15FC4BA5074A}.Release|Any CPU.ActiveCfg = Release|Any CPU
		{26317EAD-2EC8-45D5-A35B-15FC4BA5074A}.Release|Any CPU.Build.0 = Release|Any CPU
		{26317EAD-2EC8-45D5-A35B-15FC4BA5074A}.Release|x64.ActiveCfg = Release|Any CPU
		{26317EAD-2EC8-45D5-A35B-15FC4BA5074A}.Release|x64.Build.0 = Release|Any CPU
		{26317EAD-2EC8-45D5-A35B-15FC4BA5074A}.Release|x86.ActiveCfg = Release|Any CPU
		{26317EAD-2EC8-45D5-A35B-15FC4BA5074A}.Release|x86.Build.0 = Release|Any CPU
	EndGlobalSection
	GlobalSection(SolutionProperties) = preSolution
		HideSolutionNode = FALSE
	EndGlobalSection
	GlobalSection(NestedProjects) = preSolution
		{26317EAD-2EC8-45D5-A35B-15FC4BA5074A} = {44D015E0-4017-42A0-AB64-054F06F1CB3D}
	EndGlobalSection
	GlobalSection(ExtensibilityGlobals) = postSolution
		SolutionGuid = {E44A7284-FCB3-40AA-92E4-52E2641D92A9}
	EndGlobalSection
EndGlobal
