
Microsoft Visual Studio Solution File, Format Version 11.00
# Visual Studio 10
Project("{FAE04EC0-301F-11D3-BF4B-00C04F79EFBC}") = "LoadFromXAML", "LoadFromXAML\LoadFromXAML.csproj", "{7A060035-4E6C-47DA-928F-BB6A28AFB1E1}"
EndProject
Global
	GlobalSection(SolutionConfigurationPlatforms) = preSolution
		Debug|Any CPU = Debug|Any CPU
		Release|Any CPU = Release|Any CPU
	EndGlobalSection
	GlobalSection(ProjectConfigurationPlatforms) = postSolution
		{7A060035-4E6C-47DA-928F-BB6A28AFB1E1}.Debug|Any CPU.ActiveCfg = Debug|Any CPU
		{7A060035-4E6C-47DA-928F-BB6A28AFB1E1}.Debug|Any CPU.Build.0 = Debug|Any CPU
		{7A060035-4E6C-47DA-928F-BB6A28AFB1E1}.Release|Any CPU.ActiveCfg = Release|Any CPU
		{7A060035-4E6C-47DA-928F-BB6A28AFB1E1}.Release|Any CPU.Build.0 = Release|Any CPU
	EndGlobalSection
	GlobalSection(SolutionProperties) = preSolution
		HideSolutionNode = FALSE
	EndGlobalSection
EndGlobal
