
Microsoft Visual Studio Solution File, Format Version 11.00
# Visual Studio 2010
Project("{FAE04EC0-301F-11D3-BF4B-00C04F79EFBC}") = "client", "client\client.csproj", "{43BF7495-8DC0-4954-8629-C286F7418840}"
EndProject
Project("{FAE04EC0-301F-11D3-BF4B-00C04F79EFBC}") = "service", "service\service.csproj", "{C148B349-3664-4EFE-9A29-BDD087F485C9}"
EndProject
Global
	GlobalSection(SolutionConfigurationPlatforms) = preSolution
		Debug|Any CPU = Debug|Any CPU
		Debug|Mixed Platforms = Debug|Mixed Platforms
		Release|Any CPU = Release|Any CPU
		Release|Mixed Platforms = Release|Mixed Platforms
	EndGlobalSection
	GlobalSection(ProjectConfigurationPlatforms) = postSolution
		{43BF7495-8DC0-4954-8629-C286F7418840}.Debug|Any CPU.ActiveCfg = Debug|Any CPU
		{43BF7495-8DC0-4954-8629-C286F7418840}.Debug|Mixed Platforms.ActiveCfg = Debug|Any CPU
		{43BF7495-8DC0-4954-8629-C286F7418840}.Debug|Mixed Platforms.Build.0 = Debug|Any CPU
		{43BF7495-8DC0-4954-8629-C286F7418840}.Release|Any CPU.ActiveCfg = Release|Any CPU
		{43BF7495-8DC0-4954-8629-C286F7418840}.Release|Mixed Platforms.ActiveCfg = Release|Any CPU
		{43BF7495-8DC0-4954-8629-C286F7418840}.Release|Mixed Platforms.Build.0 = Release|Any CPU
		{C148B349-3664-4EFE-9A29-BDD087F485C9}.Debug|Any CPU.ActiveCfg = Debug|Any CPU
		{C148B349-3664-4EFE-9A29-BDD087F485C9}.Debug|Any CPU.Build.0 = Debug|Any CPU
		{C148B349-3664-4EFE-9A29-BDD087F485C9}.Debug|Mixed Platforms.ActiveCfg = Debug|Any CPU
		{C148B349-3664-4EFE-9A29-BDD087F485C9}.Debug|Mixed Platforms.Build.0 = Debug|Any CPU
		{C148B349-3664-4EFE-9A29-BDD087F485C9}.Release|Any CPU.ActiveCfg = Release|Any CPU
		{C148B349-3664-4EFE-9A29-BDD087F485C9}.Release|Any CPU.Build.0 = Release|Any CPU
		{C148B349-3664-4EFE-9A29-BDD087F485C9}.Release|Mixed Platforms.ActiveCfg = Release|Any CPU
		{C148B349-3664-4EFE-9A29-BDD087F485C9}.Release|Mixed Platforms.Build.0 = Release|Any CPU
	EndGlobalSection
	GlobalSection(SolutionProperties) = preSolution
		HideSolutionNode = FALSE
	EndGlobalSection
EndGlobal
