
Microsoft Visual Studio Solution File, Format Version 11.00
# Visual Studio 10
Project("{FAE04EC0-301F-11D3-BF4B-00C04F79EFBC}") = "Service", "Service\Service.csproj", "{79D53420-55B0-4713-80BA-2636BAD41196}"
EndProject
Project("{FAE04EC0-301F-11D3-BF4B-00C04F79EFBC}") = "CustomerType", "Common\CustomerType.csproj", "{DA5618D9-DC6A-4713-9E04-41371C1C7B8F}"
EndProject
Project("{FAE04EC0-301F-11D3-BF4B-00C04F79EFBC}") = "Client", "Client\Client.csproj", "{C9BC2FE3-F144-40A9-9864-5C351AF9253B}"
EndProject
Global
	GlobalSection(SolutionConfigurationPlatforms) = preSolution
		Debug|Any CPU = Debug|Any CPU
		Release|Any CPU = Release|Any CPU
	EndGlobalSection
	GlobalSection(ProjectConfigurationPlatforms) = postSolution
		{79D53420-55B0-4713-80BA-2636BAD41196}.Debug|Any CPU.ActiveCfg = Debug|Any CPU
		{79D53420-55B0-4713-80BA-2636BAD41196}.Debug|Any CPU.Build.0 = Debug|Any CPU
		{79D53420-55B0-4713-80BA-2636BAD41196}.Release|Any CPU.ActiveCfg = Release|Any CPU
		{79D53420-55B0-4713-80BA-2636BAD41196}.Release|Any CPU.Build.0 = Release|Any CPU
		{DA5618D9-DC6A-4713-9E04-41371C1C7B8F}.Debug|Any CPU.ActiveCfg = Debug|Any CPU
		{DA5618D9-DC6A-4713-9E04-41371C1C7B8F}.Debug|Any CPU.Build.0 = Debug|Any CPU
		{DA5618D9-DC6A-4713-9E04-41371C1C7B8F}.Release|Any CPU.ActiveCfg = Release|Any CPU
		{DA5618D9-DC6A-4713-9E04-41371C1C7B8F}.Release|Any CPU.Build.0 = Release|Any CPU
		{C9BC2FE3-F144-40A9-9864-5C351AF9253B}.Debug|Any CPU.ActiveCfg = Debug|Any CPU
		{C9BC2FE3-F144-40A9-9864-5C351AF9253B}.Debug|Any CPU.Build.0 = Debug|Any CPU
		{C9BC2FE3-F144-40A9-9864-5C351AF9253B}.Release|Any CPU.ActiveCfg = Release|Any CPU
		{C9BC2FE3-F144-40A9-9864-5C351AF9253B}.Release|Any CPU.Build.0 = Release|Any CPU
	EndGlobalSection
	GlobalSection(SolutionProperties) = preSolution
		HideSolutionNode = FALSE
	EndGlobalSection
EndGlobal
