
Microsoft Visual Studio Solution File, Format Version 12.00
# Visual Studio Version 16
VisualStudioVersion = 16.0.30224.187
MinimumVisualStudioVersion = 10.0.40219.1
Project("{9A19103F-16F7-4668-BE54-9A1E7A4F7556}") = "IDynamicInterfaceCastableSample", "ManagedApp\IDynamicInterfaceCastableSample.csproj", "{5990550F-54A5-4518-841D-AE06C045883A}"
EndProject
Project("{9A19103F-16F7-4668-BE54-9A1E7A4F7556}") = "NativeLib", "NativeLib\NativeLib.csproj", "{5CA1D5C3-2478-4E91-A841-45128CB3F87D}"
EndProject
Project("{8BC9CEB8-8B4A-11D0-8D11-00A0C91BC942}") = "NativeLib.vs", "NativeLib\NativeLib.vs.vcxproj", "{6FCE3D39-44AA-4234-85A8-950E57E8F038}"
EndProject
Project("{2150E333-8FDC-42A3-9474-1A3956D46DE8}") = "build", "build", "{FB75DD88-ABF9-46E5-879D-5D7BBE0323BD}"
EndProject
Global
	GlobalSection(SolutionConfigurationPlatforms) = preSolution
		Debug|Any CPU = Debug|Any CPU
		Debug|x64 = Debug|x64
		Debug|x86 = Debug|x86
		Release|Any CPU = Release|Any CPU
		Release|x64 = Release|x64
		Release|x86 = Release|x86
	EndGlobalSection
	GlobalSection(ProjectConfigurationPlatforms) = postSolution
		{5990550F-54A5-4518-841D-AE06C045883A}.Debug|Any CPU.ActiveCfg = Debug|Any CPU
		{5990550F-54A5-4518-841D-AE06C045883A}.Debug|Any CPU.Build.0 = Debug|Any CPU
		{5990550F-54A5-4518-841D-AE06C045883A}.Debug|x64.ActiveCfg = Debug|Any CPU
		{5990550F-54A5-4518-841D-AE06C045883A}.Debug|x64.Build.0 = Debug|Any CPU
		{5990550F-54A5-4518-841D-AE06C045883A}.Debug|x86.ActiveCfg = Debug|Any CPU
		{5990550F-54A5-4518-841D-AE06C045883A}.Debug|x86.Build.0 = Debug|Any CPU
		{5990550F-54A5-4518-841D-AE06C045883A}.Release|Any CPU.ActiveCfg = Release|Any CPU
		{5990550F-54A5-4518-841D-AE06C045883A}.Release|Any CPU.Build.0 = Release|Any CPU
		{5990550F-54A5-4518-841D-AE06C045883A}.Release|x64.ActiveCfg = Release|Any CPU
		{5990550F-54A5-4518-841D-AE06C045883A}.Release|x64.Build.0 = Release|Any CPU
		{5990550F-54A5-4518-841D-AE06C045883A}.Release|x86.ActiveCfg = Release|Any CPU
		{5990550F-54A5-4518-841D-AE06C045883A}.Release|x86.Build.0 = Release|Any CPU
		{5CA1D5C3-2478-4E91-A841-45128CB3F87D}.Debug|Any CPU.ActiveCfg = Debug|Any CPU
		{5CA1D5C3-2478-4E91-A841-45128CB3F87D}.Debug|Any CPU.Build.0 = Debug|Any CPU
		{5CA1D5C3-2478-4E91-A841-45128CB3F87D}.Debug|x64.ActiveCfg = Debug|Any CPU
		{5CA1D5C3-2478-4E91-A841-45128CB3F87D}.Debug|x64.Build.0 = Debug|Any CPU
		{5CA1D5C3-2478-4E91-A841-45128CB3F87D}.Debug|x86.ActiveCfg = Debug|Any CPU
		{5CA1D5C3-2478-4E91-A841-45128CB3F87D}.Debug|x86.Build.0 = Debug|Any CPU
		{5CA1D5C3-2478-4E91-A841-45128CB3F87D}.Release|Any CPU.ActiveCfg = Release|Any CPU
		{5CA1D5C3-2478-4E91-A841-45128CB3F87D}.Release|Any CPU.Build.0 = Release|Any CPU
		{5CA1D5C3-2478-4E91-A841-45128CB3F87D}.Release|x64.ActiveCfg = Release|Any CPU
		{5CA1D5C3-2478-4E91-A841-45128CB3F87D}.Release|x64.Build.0 = Release|Any CPU
		{5CA1D5C3-2478-4E91-A841-45128CB3F87D}.Release|x86.ActiveCfg = Release|Any CPU
		{5CA1D5C3-2478-4E91-A841-45128CB3F87D}.Release|x86.Build.0 = Release|Any CPU
		{6FCE3D39-44AA-4234-85A8-950E57E8F038}.Debug|Any CPU.ActiveCfg = Debug|Win32
		{6FCE3D39-44AA-4234-85A8-950E57E8F038}.Debug|x64.ActiveCfg = Debug|x64
		{6FCE3D39-44AA-4234-85A8-950E57E8F038}.Debug|x64.Build.0 = Debug|x64
		{6FCE3D39-44AA-4234-85A8-950E57E8F038}.Debug|x86.ActiveCfg = Debug|Win32
		{6FCE3D39-44AA-4234-85A8-950E57E8F038}.Debug|x86.Build.0 = Debug|Win32
		{6FCE3D39-44AA-4234-85A8-950E57E8F038}.Release|Any CPU.ActiveCfg = Release|Win32
		{6FCE3D39-44AA-4234-85A8-950E57E8F038}.Release|x64.ActiveCfg = Release|x64
		{6FCE3D39-44AA-4234-85A8-950E57E8F038}.Release|x64.Build.0 = Release|x64
		{6FCE3D39-44AA-4234-85A8-950E57E8F038}.Release|x86.ActiveCfg = Release|Win32
		{6FCE3D39-44AA-4234-85A8-950E57E8F038}.Release|x86.Build.0 = Release|Win32
	EndGlobalSection
	GlobalSection(SolutionProperties) = preSolution
		HideSolutionNode = FALSE
	EndGlobalSection
	GlobalSection(NestedProjects) = preSolution
		{5CA1D5C3-2478-4E91-A841-45128CB3F87D} = {FB75DD88-ABF9-46E5-879D-5D7BBE0323BD}
	EndGlobalSection
	GlobalSection(ExtensibilityGlobals) = postSolution
		SolutionGuid = {5569A5E7-D4A8-4E4C-9834-90E589AF337C}
	EndGlobalSection
EndGlobal
