
Microsoft Visual Studio Solution File, Format Version 12.00
# Visual Studio Version 17
VisualStudioVersion = 17.3.32611.2
MinimumVisualStudioVersion = 10.0.40219.1
Project("{778DAE3C-4631-46EA-AA77-85C1314464D9}") = "FormatUtility", "FormatUtility.vbproj", "{8A76F0D8-9382-488F-9771-293C842C5A89}"
EndProject
Global
	GlobalSection(SolutionConfigurationPlatforms) = preSolution
		Debug|Any CPU = Debug|Any CPU
		Release|Any CPU = Release|Any CPU
	EndGlobalSection
	GlobalSection(ProjectConfigurationPlatforms) = postSolution
		{8A76F0D8-9382-488F-9771-293C842C5A89}.Debug|Any CPU.ActiveCfg = Debug|Any CPU
		{8A76F0D8-9382-488F-9771-293C842C5A89}.Debug|Any CPU.Build.0 = Debug|Any CPU
		{8A76F0D8-9382-488F-9771-293C842C5A89}.Release|Any CPU.ActiveCfg = Release|Any CPU
		{8A76F0D8-9382-488F-9771-293C842C5A89}.Release|Any CPU.Build.0 = Release|Any CPU
	EndGlobalSection
	GlobalSection(SolutionProperties) = preSolution
		HideSolutionNode = FALSE
	EndGlobalSection
	GlobalSection(ExtensibilityGlobals) = postSolution
		SolutionGuid = {F1E0348B-3BB4-41E8-8F4E-029B0CF3024C}
	EndGlobalSection
EndGlobal
