
Microsoft Visual Studio Solution File, Format Version 12.00
# Visual Studio Version 17
VisualStudioVersion = 17.0.31903.59
MinimumVisualStudioVersion = 10.0.40219.1
Project("{FAE04EC0-301F-11D3-BF4B-00C04F79EFBC}") = "ComInterfaceGeneratorDemo", "Server\Server.csproj", "{A940B0A0-04CD-40CF-8516-331C2BA97B31}"
EndProject
Project("{FAE04EC0-301F-11D3-BF4B-00C04F79EFBC}") = "BuiltInCOM", "BuiltInCOM\BuiltInCOM.csproj", "{49132495-3828-4263-8F21-8CC028D86E08}"
EndProject
Project("{FAE04EC0-301F-11D3-BF4B-00C04F79EFBC}") = "Client", "Client\Client.csproj", "{10764182-F31A-4B27-873E-688A59D9E546}"
EndProject
Global
	GlobalSection(SolutionConfigurationPlatforms) = preSolution
		Debug|Any CPU = Debug|Any CPU
		Release|Any CPU = Release|Any CPU
	EndGlobalSection
	GlobalSection(SolutionProperties) = preSolution
		HideSolutionNode = FALSE
	EndGlobalSection
	GlobalSection(ProjectConfigurationPlatforms) = postSolution
		{A940B0A0-04CD-40CF-8516-331C2BA97B31}.Debug|Any CPU.ActiveCfg = Debug|Any CPU
		{A940B0A0-04CD-40CF-8516-331C2BA97B31}.Debug|Any CPU.Build.0 = Debug|Any CPU
		{A940B0A0-04CD-40CF-8516-331C2BA97B31}.Release|Any CPU.ActiveCfg = Release|Any CPU
		{A940B0A0-04CD-40CF-8516-331C2BA97B31}.Release|Any CPU.Build.0 = Release|Any CPU
		{49132495-3828-4263-8F21-8CC028D86E08}.Debug|Any CPU.ActiveCfg = Debug|Any CPU
		{49132495-3828-4263-8F21-8CC028D86E08}.Debug|Any CPU.Build.0 = Debug|Any CPU
		{49132495-3828-4263-8F21-8CC028D86E08}.Release|Any CPU.ActiveCfg = Release|Any CPU
		{49132495-3828-4263-8F21-8CC028D86E08}.Release|Any CPU.Build.0 = Release|Any CPU
		{10764182-F31A-4B27-873E-688A59D9E546}.Debug|Any CPU.ActiveCfg = Debug|Any CPU
		{10764182-F31A-4B27-873E-688A59D9E546}.Debug|Any CPU.Build.0 = Debug|Any CPU
		{10764182-F31A-4B27-873E-688A59D9E546}.Release|Any CPU.ActiveCfg = Release|Any CPU
		{10764182-F31A-4B27-873E-688A59D9E546}.Release|Any CPU.Build.0 = Release|Any CPU
	EndGlobalSection
EndGlobal
