
Microsoft Visual Studio Solution File, Format Version 11.00
# Visual Studio 2010
Project("{FAE04EC0-301F-11D3-BF4B-00C04F79EFBC}") = "Client", "Client\Client.csproj", "{B59D7C4F-3233-46B7-BCC0-C39E1E5EA819}"
EndProject
Project("{FAE04EC0-301F-11D3-BF4B-00C04F79EFBC}") = "Service", "Service\Service.csproj", "{8D92710C-6B86-44F1-8898-70C9B257BED6}"
EndProject
Global
	GlobalSection(SolutionConfigurationPlatforms) = preSolution
		Debug|Any CPU = Debug|Any CPU
		Release|Any CPU = Release|Any CPU
	EndGlobalSection
	GlobalSection(ProjectConfigurationPlatforms) = postSolution
		{B59D7C4F-3233-46B7-BCC0-C39E1E5EA819}.Debug|Any CPU.ActiveCfg = Debug|Any CPU
		{B59D7C4F-3233-46B7-BCC0-C39E1E5EA819}.Debug|Any CPU.Build.0 = Debug|Any CPU
		{B59D7C4F-3233-46B7-BCC0-C39E1E5EA819}.Release|Any CPU.ActiveCfg = Release|Any CPU
		{B59D7C4F-3233-46B7-BCC0-C39E1E5EA819}.Release|Any CPU.Build.0 = Release|Any CPU
		{8D92710C-6B86-44F1-8898-70C9B257BED6}.Debug|Any CPU.ActiveCfg = Debug|Any CPU
		{8D92710C-6B86-44F1-8898-70C9B257BED6}.Debug|Any CPU.Build.0 = Debug|Any CPU
		{8D92710C-6B86-44F1-8898-70C9B257BED6}.Release|Any CPU.ActiveCfg = Release|Any CPU
		{8D92710C-6B86-44F1-8898-70C9B257BED6}.Release|Any CPU.Build.0 = Release|Any CPU
	EndGlobalSection
	GlobalSection(SolutionProperties) = preSolution
		HideSolutionNode = FALSE
	EndGlobalSection
EndGlobal
