
Microsoft Visual Studio Solution File, Format Version 12.00
# Visual Studio Version 16
VisualStudioVersion = 16.0.31205.134
MinimumVisualStudioVersion = 10.0.40219.1
Project("{FAE04EC0-301F-11D3-BF4B-00C04F79EFBC}") = "Lab1_Q3", "Lab1_Q3\Lab1_Q3.csproj", "{7401C4AF-31E6-45E2-BE95-739E72F57E42}"
EndProject
Global
	GlobalSection(SolutionConfigurationPlatforms) = preSolution
		Debug|Any CPU = Debug|Any CPU
		Release|Any CPU = Release|Any CPU
	EndGlobalSection
	GlobalSection(ProjectConfigurationPlatforms) = postSolution
		{7401C4AF-31E6-45E2-BE95-739E72F57E42}.Debug|Any CPU.ActiveCfg = Debug|Any CPU
		{7401C4AF-31E6-45E2-BE95-739E72F57E42}.Debug|Any CPU.Build.0 = Debug|Any CPU
		{7401C4AF-31E6-45E2-BE95-739E72F57E42}.Release|Any CPU.ActiveCfg = Release|Any CPU
		{7401C4AF-31E6-45E2-BE95-739E72F57E42}.Release|Any CPU.Build.0 = Release|Any CPU
	EndGlobalSection
	GlobalSection(SolutionProperties) = preSolution
		HideSolutionNode = FALSE
	EndGlobalSection
	GlobalSection(ExtensibilityGlobals) = postSolution
		SolutionGuid = {EF9DDADD-365F-4DB4-A7E2-B5706E8744D3}
	EndGlobalSection
EndGlobal
