
Microsoft Visual Studio Solution File, Format Version 12.00
# Visual Studio 15
VisualStudioVersion = 15.0.28307.271
MinimumVisualStudioVersion = 10.0.40219.1
Project("{FAE04EC0-301F-11D3-BF4B-00C04F79EFBC}") = "TextFiles", "TextFiles\TextFiles.csproj", "{DF0FE241-E0B0-441E-BDE0-F64CFDA5CCD8}"
EndProject
Global
	GlobalSection(SolutionConfigurationPlatforms) = preSolution
		Debug|Any CPU = Debug|Any CPU
		Release|Any CPU = Release|Any CPU
	EndGlobalSection
	GlobalSection(ProjectConfigurationPlatforms) = postSolution
		{DF0FE241-E0B0-441E-BDE0-F64CFDA5CCD8}.Debug|Any CPU.ActiveCfg = Debug|Any CPU
		{DF0FE241-E0B0-441E-BDE0-F64CFDA5CCD8}.Debug|Any CPU.Build.0 = Debug|Any CPU
		{DF0FE241-E0B0-441E-BDE0-F64CFDA5CCD8}.Release|Any CPU.ActiveCfg = Release|Any CPU
		{DF0FE241-E0B0-441E-BDE0-F64CFDA5CCD8}.Release|Any CPU.Build.0 = Release|Any CPU
	EndGlobalSection
	GlobalSection(SolutionProperties) = preSolution
		HideSolutionNode = FALSE
	EndGlobalSection
	GlobalSection(ExtensibilityGlobals) = postSolution
		SolutionGuid = {65201479-587A-47C9-A20A-3B2AB82B3753}
	EndGlobalSection
EndGlobal
