
Microsoft Visual Studio Solution File, Format Version 12.00
# Visual Studio 15
VisualStudioVersion = 15.0.28010.2041
MinimumVisualStudioVersion = 10.0.40219.1
Project("{9A19103F-16F7-4668-BE54-9A1E7A4F7556}") = "HelloWorldCore", "HelloWorldCore\HelloWorldCore.csproj", "{2E4F7C54-3B0D-4F7B-A538-81D864DFEDCE}"
EndProject
Project("{FAE04EC0-301F-11D3-BF4B-00C04F79EFBC}") = "HelloWorldNetFx", "HelloWorldNetFx\HelloWorldNetFx.csproj", "{A754E786-D71E-48EB-A44E-099F28D3A177}"
EndProject
Project("{2150E333-8FDC-42A3-9474-1A3956D46DE8}") = "Solution Items", "Solution Items", "{5685FC76-71F4-4FB9-9877-9D2544AF1189}"
	ProjectSection(SolutionItems) = preProject
		README.md = README.md
	EndProjectSection
EndProject
Global
	GlobalSection(SolutionConfigurationPlatforms) = preSolution
		Debug|Any CPU = Debug|Any CPU
		Release|Any CPU = Release|Any CPU
	EndGlobalSection
	GlobalSection(ProjectConfigurationPlatforms) = postSolution
		{2E4F7C54-3B0D-4F7B-A538-81D864DFEDCE}.Debug|Any CPU.ActiveCfg = Debug|Any CPU
		{2E4F7C54-3B0D-4F7B-A538-81D864DFEDCE}.Debug|Any CPU.Build.0 = Debug|Any CPU
		{2E4F7C54-3B0D-4F7B-A538-81D864DFEDCE}.Release|Any CPU.ActiveCfg = Release|Any CPU
		{2E4F7C54-3B0D-4F7B-A538-81D864DFEDCE}.Release|Any CPU.Build.0 = Release|Any CPU
		{A754E786-D71E-48EB-A44E-099F28D3A177}.Debug|Any CPU.ActiveCfg = Debug|Any CPU
		{A754E786-D71E-48EB-A44E-099F28D3A177}.Debug|Any CPU.Build.0 = Debug|Any CPU
		{A754E786-D71E-48EB-A44E-099F28D3A177}.Release|Any CPU.ActiveCfg = Release|Any CPU
		{A754E786-D71E-48EB-A44E-099F28D3A177}.Release|Any CPU.Build.0 = Release|Any CPU
	EndGlobalSection
	GlobalSection(SolutionProperties) = preSolution
		HideSolutionNode = FALSE
	EndGlobalSection
	GlobalSection(ExtensibilityGlobals) = postSolution
		SolutionGuid = {F687AFB2-6B34-415C-BBA3-5D7D1E056526}
	EndGlobalSection
EndGlobal
