
Microsoft Visual Studio Solution File, Format Version 12.00
# Visual Studio 15
VisualStudioVersion = 15.0.28010.2041
MinimumVisualStudioVersion = 10.0.40219.1
Project("{FAE04EC0-301F-11D3-BF4B-00C04F79EFBC}") = "WPF-WinRT-NetFx", "WPF-WinRT-NetFx\WPF-WinRT-NetFx.csproj", "{63B3E06D-B97F-4CF9-957E-87139EB9319B}"
EndProject
Project("{9A19103F-16F7-4668-BE54-9A1E7A4F7556}") = "WPF-WinRT-Core", "WPF-WinRT-Core\WPF-WinRT-Core.csproj", "{F4EC2E20-5FFC-415F-B526-C82B2C6A2987}"
EndProject
Project("{2150E333-8FDC-42A3-9474-1A3956D46DE8}") = "Solution Items", "Solution Items", "{75431A46-7FAE-4B4E-A5B6-478EA70F0EC0}"
	ProjectSection(SolutionItems) = preProject
		README.md = README.md
	EndProjectSection
EndProject
Global
	GlobalSection(SolutionConfigurationPlatforms) = preSolution
		Debug|Any CPU = Debug|Any CPU
		Release|Any CPU = Release|Any CPU
	EndGlobalSection
	GlobalSection(ProjectConfigurationPlatforms) = postSolution
		{63B3E06D-B97F-4CF9-957E-87139EB9319B}.Debug|Any CPU.ActiveCfg = Debug|Any CPU
		{63B3E06D-B97F-4CF9-957E-87139EB9319B}.Debug|Any CPU.Build.0 = Debug|Any CPU
		{63B3E06D-B97F-4CF9-957E-87139EB9319B}.Release|Any CPU.ActiveCfg = Release|Any CPU
		{63B3E06D-B97F-4CF9-957E-87139EB9319B}.Release|Any CPU.Build.0 = Release|Any CPU
		{F4EC2E20-5FFC-415F-B526-C82B2C6A2987}.Debug|Any CPU.ActiveCfg = Debug|Any CPU
		{F4EC2E20-5FFC-415F-B526-C82B2C6A2987}.Debug|Any CPU.Build.0 = Debug|Any CPU
		{F4EC2E20-5FFC-415F-B526-C82B2C6A2987}.Release|Any CPU.ActiveCfg = Release|Any CPU
		{F4EC2E20-5FFC-415F-B526-C82B2C6A2987}.Release|Any CPU.Build.0 = Release|Any CPU
	EndGlobalSection
	GlobalSection(SolutionProperties) = preSolution
		HideSolutionNode = FALSE
	EndGlobalSection
	GlobalSection(ExtensibilityGlobals) = postSolution
		SolutionGuid = {83C579A4-14AB-48DA-AF25-911EFBBAC6BF}
	EndGlobalSection
EndGlobal
