
Microsoft Visual Studio Solution File, Format Version 12.00
# Visual Studio Version 16
VisualStudioVersion = 16.0.31205.134
MinimumVisualStudioVersion = 10.0.40219.1
Project("{FAE04EC0-301F-11D3-BF4B-00C04F79EFBC}") = "Lab2_Que02", "Lab2_Que02\Lab2_Que02.csproj", "{59B2AF51-96B2-41A3-9D89-CE5C3ED21DD6}"
EndProject
Global
	GlobalSection(SolutionConfigurationPlatforms) = preSolution
		Debug|Any CPU = Debug|Any CPU
		Release|Any CPU = Release|Any CPU
	EndGlobalSection
	GlobalSection(ProjectConfigurationPlatforms) = postSolution
		{59B2AF51-96B2-41A3-9D89-CE5C3ED21DD6}.Debug|Any CPU.ActiveCfg = Debug|Any CPU
		{59B2AF51-96B2-41A3-9D89-CE5C3ED21DD6}.Debug|Any CPU.Build.0 = Debug|Any CPU
		{59B2AF51-96B2-41A3-9D89-CE5C3ED21DD6}.Release|Any CPU.ActiveCfg = Release|Any CPU
		{59B2AF51-96B2-41A3-9D89-CE5C3ED21DD6}.Release|Any CPU.Build.0 = Release|Any CPU
	EndGlobalSection
	GlobalSection(SolutionProperties) = preSolution
		HideSolutionNode = FALSE
	EndGlobalSection
	GlobalSection(ExtensibilityGlobals) = postSolution
		SolutionGuid = {BF5C6158-5583-41DE-A7BB-7A0B3DE014BD}
	EndGlobalSection
EndGlobal
